# This file is automatically @generated by Poetry 1.7.0 and should not be changed by hand.

[[package]]
name = "apple-compress"
version = "0.2.3"
description = "Python bindings for Apple's libcompression."
optional = true
python-versions = "<4.0,>=3.8"
files = [
    {file = "apple_compress-0.2.3-py3-none-any.whl", hash = "sha256:b4eb22fb45e2e781bb44dc76b94dea7f616f3583fcbb4737ecc53e2a46ab7434"},
    {file = "apple_compress-0.2.3.tar.gz", hash = "sha256:a1c855cec8bd73210ae9522c53a841ca515ded2f0c9d5b4e728d0d93fee46a29"},
]

[package.dependencies]
click = ">=8.1.7,<9.0.0"
loguru = ">=0.7.2,<0.8.0"

[[package]]
name = "asn1"
version = "2.7.0"
description = "Python-ASN1 is a simple ASN.1 encoder and decoder for Python 2.7+ and 3.5+."
optional = false
python-versions = "*"
files = [
    {file = "asn1-2.7.0-py2.py3-none-any.whl", hash = "sha256:feb01dee1f485ecc1b1c0b66762196baaad22c0e1c89861159413b28393fba33"},
    {file = "asn1-2.7.0.tar.gz", hash = "sha256:44c0fc3d28c6a926e4d4959ffbc1bccf37faf4dca07520ba2e9b1b5b36fe0bda"},
]

[package.dependencies]
enum-compat = "*"

[[package]]
name = "certifi"
version = "2024.2.2"
description = "Python package for providing Mozilla's CA Bundle."
optional = false
python-versions = ">=3.6"
files = [
    {file = "certifi-2024.2.2-py3-none-any.whl", hash = "sha256:dc383c07b76109f368f6106eee2b593b04a011ea4d55f652c6ca24a754d1cdd1"},
    {file = "certifi-2024.2.2.tar.gz", hash = "sha256:0569859f95fc761b18b45ef421b1290a0f65f147e92a1e5eb3e635f9a5e4e66f"},
]

[[package]]
name = "charset-normalizer"
version = "3.3.2"
description = "The Real First Universal Charset Detector. Open, modern and actively maintained alternative to Chardet."
optional = false
python-versions = ">=3.7.0"
files = [
    {file = "charset-normalizer-3.3.2.tar.gz", hash = "sha256:f30c3cb33b24454a82faecaf01b19c18562b1e89558fb6c56de4d9118a032fd5"},
    {file = "charset_normalizer-3.3.2-cp310-cp310-macosx_10_9_universal2.whl", hash = "sha256:25baf083bf6f6b341f4121c2f3c548875ee6f5339300e08be3f2b2ba1721cdd3"},
    {file = "charset_normalizer-3.3.2-cp310-cp310-macosx_10_9_x86_64.whl", hash = "sha256:06435b539f889b1f6f4ac1758871aae42dc3a8c0e24ac9e60c2384973ad73027"},
    {file = "charset_normalizer-3.3.2-cp310-cp310-macosx_11_0_arm64.whl", hash = "sha256:9063e24fdb1e498ab71cb7419e24622516c4a04476b17a2dab57e8baa30d6e03"},
    {file = "charset_normalizer-3.3.2-cp310-cp310-manylinux_2_17_aarch64.manylinux2014_aarch64.whl", hash = "sha256:6897af51655e3691ff853668779c7bad41579facacf5fd7253b0133308cf000d"},
    {file = "charset_normalizer-3.3.2-cp310-cp310-manylinux_2_17_ppc64le.manylinux2014_ppc64le.whl", hash = "sha256:1d3193f4a680c64b4b6a9115943538edb896edc190f0b222e73761716519268e"},
    {file = "charset_normalizer-3.3.2-cp310-cp310-manylinux_2_17_s390x.manylinux2014_s390x.whl", hash = "sha256:cd70574b12bb8a4d2aaa0094515df2463cb429d8536cfb6c7ce983246983e5a6"},
    {file = "charset_normalizer-3.3.2-cp310-cp310-manylinux_2_17_x86_64.manylinux2014_x86_64.whl", hash = "sha256:8465322196c8b4d7ab6d1e049e4c5cb460d0394da4a27d23cc242fbf0034b6b5"},
    {file = "charset_normalizer-3.3.2-cp310-cp310-manylinux_2_5_i686.manylinux1_i686.manylinux_2_17_i686.manylinux2014_i686.whl", hash = "sha256:a9a8e9031d613fd2009c182b69c7b2c1ef8239a0efb1df3f7c8da66d5dd3d537"},
    {file = "charset_normalizer-3.3.2-cp310-cp310-musllinux_1_1_aarch64.whl", hash = "sha256:beb58fe5cdb101e3a055192ac291b7a21e3b7ef4f67fa1d74e331a7f2124341c"},
    {file = "charset_normalizer-3.3.2-cp310-cp310-musllinux_1_1_i686.whl", hash = "sha256:e06ed3eb3218bc64786f7db41917d4e686cc4856944f53d5bdf83a6884432e12"},
    {file = "charset_normalizer-3.3.2-cp310-cp310-musllinux_1_1_ppc64le.whl", hash = "sha256:2e81c7b9c8979ce92ed306c249d46894776a909505d8f5a4ba55b14206e3222f"},
    {file = "charset_normalizer-3.3.2-cp310-cp310-musllinux_1_1_s390x.whl", hash = "sha256:572c3763a264ba47b3cf708a44ce965d98555f618ca42c926a9c1616d8f34269"},
    {file = "charset_normalizer-3.3.2-cp310-cp310-musllinux_1_1_x86_64.whl", hash = "sha256:fd1abc0d89e30cc4e02e4064dc67fcc51bd941eb395c502aac3ec19fab46b519"},
    {file = "charset_normalizer-3.3.2-cp310-cp310-win32.whl", hash = "sha256:3d47fa203a7bd9c5b6cee4736ee84ca03b8ef23193c0d1ca99b5089f72645c73"},
    {file = "charset_normalizer-3.3.2-cp310-cp310-win_amd64.whl", hash = "sha256:10955842570876604d404661fbccbc9c7e684caf432c09c715ec38fbae45ae09"},
    {file = "charset_normalizer-3.3.2-cp311-cp311-macosx_10_9_universal2.whl", hash = "sha256:802fe99cca7457642125a8a88a084cef28ff0cf9407060f7b93dca5aa25480db"},
    {file = "charset_normalizer-3.3.2-cp311-cp311-macosx_10_9_x86_64.whl", hash = "sha256:573f6eac48f4769d667c4442081b1794f52919e7edada77495aaed9236d13a96"},
    {file = "charset_normalizer-3.3.2-cp311-cp311-macosx_11_0_arm64.whl", hash = "sha256:549a3a73da901d5bc3ce8d24e0600d1fa85524c10287f6004fbab87672bf3e1e"},
    {file = "charset_normalizer-3.3.2-cp311-cp311-manylinux_2_17_aarch64.manylinux2014_aarch64.whl", hash = "sha256:f27273b60488abe721a075bcca6d7f3964f9f6f067c8c4c605743023d7d3944f"},
    {file = "charset_normalizer-3.3.2-cp311-cp311-manylinux_2_17_ppc64le.manylinux2014_ppc64le.whl", hash = "sha256:1ceae2f17a9c33cb48e3263960dc5fc8005351ee19db217e9b1bb15d28c02574"},
    {file = "charset_normalizer-3.3.2-cp311-cp311-manylinux_2_17_s390x.manylinux2014_s390x.whl", hash = "sha256:65f6f63034100ead094b8744b3b97965785388f308a64cf8d7c34f2f2e5be0c4"},
    {file = "charset_normalizer-3.3.2-cp311-cp311-manylinux_2_17_x86_64.manylinux2014_x86_64.whl", hash = "sha256:753f10e867343b4511128c6ed8c82f7bec3bd026875576dfd88483c5c73b2fd8"},
    {file = "charset_normalizer-3.3.2-cp311-cp311-manylinux_2_5_i686.manylinux1_i686.manylinux_2_17_i686.manylinux2014_i686.whl", hash = "sha256:4a78b2b446bd7c934f5dcedc588903fb2f5eec172f3d29e52a9096a43722adfc"},
    {file = "charset_normalizer-3.3.2-cp311-cp311-musllinux_1_1_aarch64.whl", hash = "sha256:e537484df0d8f426ce2afb2d0f8e1c3d0b114b83f8850e5f2fbea0e797bd82ae"},
    {file = "charset_normalizer-3.3.2-cp311-cp311-musllinux_1_1_i686.whl", hash = "sha256:eb6904c354526e758fda7167b33005998fb68c46fbc10e013ca97f21ca5c8887"},
    {file = "charset_normalizer-3.3.2-cp311-cp311-musllinux_1_1_ppc64le.whl", hash = "sha256:deb6be0ac38ece9ba87dea880e438f25ca3eddfac8b002a2ec3d9183a454e8ae"},
    {file = "charset_normalizer-3.3.2-cp311-cp311-musllinux_1_1_s390x.whl", hash = "sha256:4ab2fe47fae9e0f9dee8c04187ce5d09f48eabe611be8259444906793ab7cbce"},
    {file = "charset_normalizer-3.3.2-cp311-cp311-musllinux_1_1_x86_64.whl", hash = "sha256:80402cd6ee291dcb72644d6eac93785fe2c8b9cb30893c1af5b8fdd753b9d40f"},
    {file = "charset_normalizer-3.3.2-cp311-cp311-win32.whl", hash = "sha256:7cd13a2e3ddeed6913a65e66e94b51d80a041145a026c27e6bb76c31a853c6ab"},
    {file = "charset_normalizer-3.3.2-cp311-cp311-win_amd64.whl", hash = "sha256:663946639d296df6a2bb2aa51b60a2454ca1cb29835324c640dafb5ff2131a77"},
    {file = "charset_normalizer-3.3.2-cp312-cp312-macosx_10_9_universal2.whl", hash = "sha256:0b2b64d2bb6d3fb9112bafa732def486049e63de9618b5843bcdd081d8144cd8"},
    {file = "charset_normalizer-3.3.2-cp312-cp312-macosx_10_9_x86_64.whl", hash = "sha256:ddbb2551d7e0102e7252db79ba445cdab71b26640817ab1e3e3648dad515003b"},
    {file = "charset_normalizer-3.3.2-cp312-cp312-macosx_11_0_arm64.whl", hash = "sha256:55086ee1064215781fff39a1af09518bc9255b50d6333f2e4c74ca09fac6a8f6"},
    {file = "charset_normalizer-3.3.2-cp312-cp312-manylinux_2_17_aarch64.manylinux2014_aarch64.whl", hash = "sha256:8f4a014bc36d3c57402e2977dada34f9c12300af536839dc38c0beab8878f38a"},
    {file = "charset_normalizer-3.3.2-cp312-cp312-manylinux_2_17_ppc64le.manylinux2014_ppc64le.whl", hash = "sha256:a10af20b82360ab00827f916a6058451b723b4e65030c5a18577c8b2de5b3389"},
    {file = "charset_normalizer-3.3.2-cp312-cp312-manylinux_2_17_s390x.manylinux2014_s390x.whl", hash = "sha256:8d756e44e94489e49571086ef83b2bb8ce311e730092d2c34ca8f7d925cb20aa"},
    {file = "charset_normalizer-3.3.2-cp312-cp312-manylinux_2_17_x86_64.manylinux2014_x86_64.whl", hash = "sha256:90d558489962fd4918143277a773316e56c72da56ec7aa3dc3dbbe20fdfed15b"},
    {file = "charset_normalizer-3.3.2-cp312-cp312-manylinux_2_5_i686.manylinux1_i686.manylinux_2_17_i686.manylinux2014_i686.whl", hash = "sha256:6ac7ffc7ad6d040517be39eb591cac5ff87416c2537df6ba3cba3bae290c0fed"},
    {file = "charset_normalizer-3.3.2-cp312-cp312-musllinux_1_1_aarch64.whl", hash = "sha256:7ed9e526742851e8d5cc9e6cf41427dfc6068d4f5a3bb03659444b4cabf6bc26"},
    {file = "charset_normalizer-3.3.2-cp312-cp312-musllinux_1_1_i686.whl", hash = "sha256:8bdb58ff7ba23002a4c5808d608e4e6c687175724f54a5dade5fa8c67b604e4d"},
    {file = "charset_normalizer-3.3.2-cp312-cp312-musllinux_1_1_ppc64le.whl", hash = "sha256:6b3251890fff30ee142c44144871185dbe13b11bab478a88887a639655be1068"},
    {file = "charset_normalizer-3.3.2-cp312-cp312-musllinux_1_1_s390x.whl", hash = "sha256:b4a23f61ce87adf89be746c8a8974fe1c823c891d8f86eb218bb957c924bb143"},
    {file = "charset_normalizer-3.3.2-cp312-cp312-musllinux_1_1_x86_64.whl", hash = "sha256:efcb3f6676480691518c177e3b465bcddf57cea040302f9f4e6e191af91174d4"},
    {file = "charset_normalizer-3.3.2-cp312-cp312-win32.whl", hash = "sha256:d965bba47ddeec8cd560687584e88cf699fd28f192ceb452d1d7ee807c5597b7"},
    {file = "charset_normalizer-3.3.2-cp312-cp312-win_amd64.whl", hash = "sha256:96b02a3dc4381e5494fad39be677abcb5e6634bf7b4fa83a6dd3112607547001"},
    {file = "charset_normalizer-3.3.2-cp37-cp37m-macosx_10_9_x86_64.whl", hash = "sha256:95f2a5796329323b8f0512e09dbb7a1860c46a39da62ecb2324f116fa8fdc85c"},
    {file = "charset_normalizer-3.3.2-cp37-cp37m-manylinux_2_17_aarch64.manylinux2014_aarch64.whl", hash = "sha256:c002b4ffc0be611f0d9da932eb0f704fe2602a9a949d1f738e4c34c75b0863d5"},
    {file = "charset_normalizer-3.3.2-cp37-cp37m-manylinux_2_17_ppc64le.manylinux2014_ppc64le.whl", hash = "sha256:a981a536974bbc7a512cf44ed14938cf01030a99e9b3a06dd59578882f06f985"},
    {file = "charset_normalizer-3.3.2-cp37-cp37m-manylinux_2_17_s390x.manylinux2014_s390x.whl", hash = "sha256:3287761bc4ee9e33561a7e058c72ac0938c4f57fe49a09eae428fd88aafe7bb6"},
    {file = "charset_normalizer-3.3.2-cp37-cp37m-manylinux_2_17_x86_64.manylinux2014_x86_64.whl", hash = "sha256:42cb296636fcc8b0644486d15c12376cb9fa75443e00fb25de0b8602e64c1714"},
    {file = "charset_normalizer-3.3.2-cp37-cp37m-manylinux_2_5_i686.manylinux1_i686.manylinux_2_17_i686.manylinux2014_i686.whl", hash = "sha256:0a55554a2fa0d408816b3b5cedf0045f4b8e1a6065aec45849de2d6f3f8e9786"},
    {file = "charset_normalizer-3.3.2-cp37-cp37m-musllinux_1_1_aarch64.whl", hash = "sha256:c083af607d2515612056a31f0a8d9e0fcb5876b7bfc0abad3ecd275bc4ebc2d5"},
    {file = "charset_normalizer-3.3.2-cp37-cp37m-musllinux_1_1_i686.whl", hash = "sha256:87d1351268731db79e0f8e745d92493ee2841c974128ef629dc518b937d9194c"},
    {file = "charset_normalizer-3.3.2-cp37-cp37m-musllinux_1_1_ppc64le.whl", hash = "sha256:bd8f7df7d12c2db9fab40bdd87a7c09b1530128315d047a086fa3ae3435cb3a8"},
    {file = "charset_normalizer-3.3.2-cp37-cp37m-musllinux_1_1_s390x.whl", hash = "sha256:c180f51afb394e165eafe4ac2936a14bee3eb10debc9d9e4db8958fe36afe711"},
    {file = "charset_normalizer-3.3.2-cp37-cp37m-musllinux_1_1_x86_64.whl", hash = "sha256:8c622a5fe39a48f78944a87d4fb8a53ee07344641b0562c540d840748571b811"},
    {file = "charset_normalizer-3.3.2-cp37-cp37m-win32.whl", hash = "sha256:db364eca23f876da6f9e16c9da0df51aa4f104a972735574842618b8c6d999d4"},
    {file = "charset_normalizer-3.3.2-cp37-cp37m-win_amd64.whl", hash = "sha256:86216b5cee4b06df986d214f664305142d9c76df9b6512be2738aa72a2048f99"},
    {file = "charset_normalizer-3.3.2-cp38-cp38-macosx_10_9_universal2.whl", hash = "sha256:6463effa3186ea09411d50efc7d85360b38d5f09b870c48e4600f63af490e56a"},
    {file = "charset_normalizer-3.3.2-cp38-cp38-macosx_10_9_x86_64.whl", hash = "sha256:6c4caeef8fa63d06bd437cd4bdcf3ffefe6738fb1b25951440d80dc7df8c03ac"},
    {file = "charset_normalizer-3.3.2-cp38-cp38-macosx_11_0_arm64.whl", hash = "sha256:37e55c8e51c236f95b033f6fb391d7d7970ba5fe7ff453dad675e88cf303377a"},
    {file = "charset_normalizer-3.3.2-cp38-cp38-manylinux_2_17_aarch64.manylinux2014_aarch64.whl", hash = "sha256:fb69256e180cb6c8a894fee62b3afebae785babc1ee98b81cdf68bbca1987f33"},
    {file = "charset_normalizer-3.3.2-cp38-cp38-manylinux_2_17_ppc64le.manylinux2014_ppc64le.whl", hash = "sha256:ae5f4161f18c61806f411a13b0310bea87f987c7d2ecdbdaad0e94eb2e404238"},
    {file = "charset_normalizer-3.3.2-cp38-cp38-manylinux_2_17_s390x.manylinux2014_s390x.whl", hash = "sha256:b2b0a0c0517616b6869869f8c581d4eb2dd83a4d79e0ebcb7d373ef9956aeb0a"},
    {file = "charset_normalizer-3.3.2-cp38-cp38-manylinux_2_17_x86_64.manylinux2014_x86_64.whl", hash = "sha256:45485e01ff4d3630ec0d9617310448a8702f70e9c01906b0d0118bdf9d124cf2"},
    {file = "charset_normalizer-3.3.2-cp38-cp38-manylinux_2_5_i686.manylinux1_i686.manylinux_2_17_i686.manylinux2014_i686.whl", hash = "sha256:eb00ed941194665c332bf8e078baf037d6c35d7c4f3102ea2d4f16ca94a26dc8"},
    {file = "charset_normalizer-3.3.2-cp38-cp38-musllinux_1_1_aarch64.whl", hash = "sha256:2127566c664442652f024c837091890cb1942c30937add288223dc895793f898"},
    {file = "charset_normalizer-3.3.2-cp38-cp38-musllinux_1_1_i686.whl", hash = "sha256:a50aebfa173e157099939b17f18600f72f84eed3049e743b68ad15bd69b6bf99"},
    {file = "charset_normalizer-3.3.2-cp38-cp38-musllinux_1_1_ppc64le.whl", hash = "sha256:4d0d1650369165a14e14e1e47b372cfcb31d6ab44e6e33cb2d4e57265290044d"},
    {file = "charset_normalizer-3.3.2-cp38-cp38-musllinux_1_1_s390x.whl", hash = "sha256:923c0c831b7cfcb071580d3f46c4baf50f174be571576556269530f4bbd79d04"},
    {file = "charset_normalizer-3.3.2-cp38-cp38-musllinux_1_1_x86_64.whl", hash = "sha256:06a81e93cd441c56a9b65d8e1d043daeb97a3d0856d177d5c90ba85acb3db087"},
    {file = "charset_normalizer-3.3.2-cp38-cp38-win32.whl", hash = "sha256:6ef1d82a3af9d3eecdba2321dc1b3c238245d890843e040e41e470ffa64c3e25"},
    {file = "charset_normalizer-3.3.2-cp38-cp38-win_amd64.whl", hash = "sha256:eb8821e09e916165e160797a6c17edda0679379a4be5c716c260e836e122f54b"},
    {file = "charset_normalizer-3.3.2-cp39-cp39-macosx_10_9_universal2.whl", hash = "sha256:c235ebd9baae02f1b77bcea61bce332cb4331dc3617d254df3323aa01ab47bd4"},
    {file = "charset_normalizer-3.3.2-cp39-cp39-macosx_10_9_x86_64.whl", hash = "sha256:5b4c145409bef602a690e7cfad0a15a55c13320ff7a3ad7ca59c13bb8ba4d45d"},
    {file = "charset_normalizer-3.3.2-cp39-cp39-macosx_11_0_arm64.whl", hash = "sha256:68d1f8a9e9e37c1223b656399be5d6b448dea850bed7d0f87a8311f1ff3dabb0"},
    {file = "charset_normalizer-3.3.2-cp39-cp39-manylinux_2_17_aarch64.manylinux2014_aarch64.whl", hash = "sha256:22afcb9f253dac0696b5a4be4a1c0f8762f8239e21b99680099abd9b2b1b2269"},
    {file = "charset_normalizer-3.3.2-cp39-cp39-manylinux_2_17_ppc64le.manylinux2014_ppc64le.whl", hash = "sha256:e27ad930a842b4c5eb8ac0016b0a54f5aebbe679340c26101df33424142c143c"},
    {file = "charset_normalizer-3.3.2-cp39-cp39-manylinux_2_17_s390x.manylinux2014_s390x.whl", hash = "sha256:1f79682fbe303db92bc2b1136016a38a42e835d932bab5b3b1bfcfbf0640e519"},
    {file = "charset_normalizer-3.3.2-cp39-cp39-manylinux_2_17_x86_64.manylinux2014_x86_64.whl", hash = "sha256:b261ccdec7821281dade748d088bb6e9b69e6d15b30652b74cbbac25e280b796"},
    {file = "charset_normalizer-3.3.2-cp39-cp39-manylinux_2_5_i686.manylinux1_i686.manylinux_2_17_i686.manylinux2014_i686.whl", hash = "sha256:122c7fa62b130ed55f8f285bfd56d5f4b4a5b503609d181f9ad85e55c89f4185"},
    {file = "charset_normalizer-3.3.2-cp39-cp39-musllinux_1_1_aarch64.whl", hash = "sha256:d0eccceffcb53201b5bfebb52600a5fb483a20b61da9dbc885f8b103cbe7598c"},
    {file = "charset_normalizer-3.3.2-cp39-cp39-musllinux_1_1_i686.whl", hash = "sha256:9f96df6923e21816da7e0ad3fd47dd8f94b2a5ce594e00677c0013018b813458"},
    {file = "charset_normalizer-3.3.2-cp39-cp39-musllinux_1_1_ppc64le.whl", hash = "sha256:7f04c839ed0b6b98b1a7501a002144b76c18fb1c1850c8b98d458ac269e26ed2"},
    {file = "charset_normalizer-3.3.2-cp39-cp39-musllinux_1_1_s390x.whl", hash = "sha256:34d1c8da1e78d2e001f363791c98a272bb734000fcef47a491c1e3b0505657a8"},
    {file = "charset_normalizer-3.3.2-cp39-cp39-musllinux_1_1_x86_64.whl", hash = "sha256:ff8fa367d09b717b2a17a052544193ad76cd49979c805768879cb63d9ca50561"},
    {file = "charset_normalizer-3.3.2-cp39-cp39-win32.whl", hash = "sha256:aed38f6e4fb3f5d6bf81bfa990a07806be9d83cf7bacef998ab1a9bd660a581f"},
    {file = "charset_normalizer-3.3.2-cp39-cp39-win_amd64.whl", hash = "sha256:b01b88d45a6fcb69667cd6d2f7a9aeb4bf53760d7fc536bf679ec94fe9f3ff3d"},
    {file = "charset_normalizer-3.3.2-py3-none-any.whl", hash = "sha256:3e4d1f6587322d2788836a99c69062fbb091331ec940e02d12d179c1d53e25fc"},
]

[[package]]
name = "click"
version = "8.1.7"
description = "Composable command line interface toolkit"
optional = false
python-versions = ">=3.7"
files = [
    {file = "click-8.1.7-py3-none-any.whl", hash = "sha256:ae74fb96c20a0277a1d615f1e4d73c8414f5a98db8b799a7931d1582f3390c28"},
    {file = "click-8.1.7.tar.gz", hash = "sha256:ca9853ad459e787e2192211578cc907e7594e294c7ccc834310722b41b9ca6de"},
]

[package.dependencies]
colorama = {version = "*", markers = "platform_system == \"Windows\""}

[[package]]
name = "colorama"
version = "0.4.6"
description = "Cross-platform colored terminal text."
optional = false
python-versions = "!=3.0.*,!=3.1.*,!=3.2.*,!=3.3.*,!=3.4.*,!=3.5.*,!=3.6.*,>=2.7"
files = [
    {file = "colorama-0.4.6-py2.py3-none-any.whl", hash = "sha256:4f1d9991f5acc0ca119f9d443620b77f9d6b33703e51011c16baf57afb285fc6"},
    {file = "colorama-0.4.6.tar.gz", hash = "sha256:08695f5cb7ed6e0531a20572697297273c47b8cae5a63ffc6d6ed5c201be6e44"},
]

[[package]]
name = "enum-compat"
version = "0.0.3"
description = "enum/enum34 compatibility package"
optional = false
python-versions = "*"
files = [
    {file = "enum-compat-0.0.3.tar.gz", hash = "sha256:3677daabed56a6f724451d585662253d8fb4e5569845aafa8bb0da36b1a8751e"},
    {file = "enum_compat-0.0.3-py3-none-any.whl", hash = "sha256:88091b617c7fc3bbbceae50db5958023c48dc40b50520005aa3bf27f8f7ea157"},
]

[[package]]
name = "exceptiongroup"
version = "1.2.0"
description = "Backport of PEP 654 (exception groups)"
optional = false
python-versions = ">=3.7"
files = [
    {file = "exceptiongroup-1.2.0-py3-none-any.whl", hash = "sha256:4bfd3996ac73b41e9b9628b04e079f193850720ea5945fc96a08633c66912f14"},
    {file = "exceptiongroup-1.2.0.tar.gz", hash = "sha256:91f5c769735f051a4290d52edd0858999b57e5876e9f85937691bd4c9fa3ed68"},
]

[package.extras]
test = ["pytest (>=6)"]

[[package]]
name = "idna"
version = "3.6"
description = "Internationalized Domain Names in Applications (IDNA)"
optional = false
python-versions = ">=3.5"
files = [
    {file = "idna-3.6-py3-none-any.whl", hash = "sha256:c05567e9c24a6b9faaa835c4821bad0590fbb9d5779e7caa6e1cc4978e7eb24f"},
    {file = "idna-3.6.tar.gz", hash = "sha256:9ecdbbd083b06798ae1e86adcbfe8ab1479cf864e4ee30fe4e46a003d12491ca"},
]

[[package]]
name = "iniconfig"
version = "2.0.0"
description = "brain-dead simple config-ini parsing"
optional = false
python-versions = ">=3.7"
files = [
    {file = "iniconfig-2.0.0-py3-none-any.whl", hash = "sha256:b6a85871a79d2e3b22d2d1b94ac2824226a63c6b741c88f7ae975f18b6778374"},
    {file = "iniconfig-2.0.0.tar.gz", hash = "sha256:2d91e135bf72d31a410b17c16da610a82cb55f6b0477d1a902134b24a455b8b3"},
]

[[package]]
name = "loguru"
version = "0.7.2"
description = "Python logging made (stupidly) simple"
optional = true
python-versions = ">=3.5"
files = [
    {file = "loguru-0.7.2-py3-none-any.whl", hash = "sha256:003d71e3d3ed35f0f8984898359d65b79e5b21943f78af86aa5491210429b8eb"},
    {file = "loguru-0.7.2.tar.gz", hash = "sha256:e671a53522515f34fd406340ee968cb9ecafbc4b36c679da03c18fd8d0bd51ac"},
]

[package.dependencies]
colorama = {version = ">=0.3.4", markers = "sys_platform == \"win32\""}
win32-setctime = {version = ">=1.0.0", markers = "sys_platform == \"win32\""}

[package.extras]
dev = ["Sphinx (==7.2.5)", "colorama (==0.4.5)", "colorama (==0.4.6)", "exceptiongroup (==1.1.3)", "freezegun (==1.1.0)", "freezegun (==1.2.2)", "mypy (==v0.910)", "mypy (==v0.971)", "mypy (==v1.4.1)", "mypy (==v1.5.1)", "pre-commit (==3.4.0)", "pytest (==6.1.2)", "pytest (==7.4.0)", "pytest-cov (==2.12.1)", "pytest-cov (==4.1.0)", "pytest-mypy-plugins (==1.9.3)", "pytest-mypy-plugins (==3.0.0)", "sphinx-autobuild (==2021.3.14)", "sphinx-rtd-theme (==1.3.0)", "tox (==3.27.1)", "tox (==4.11.0)"]

[[package]]
name = "packaging"
version = "24.0"
description = "Core utilities for Python packages"
optional = false
python-versions = ">=3.7"
files = [
    {file = "packaging-24.0-py3-none-any.whl", hash = "sha256:2ddfb553fdf02fb784c234c7ba6ccc288296ceabec964ad2eae3777778130bc5"},
    {file = "packaging-24.0.tar.gz", hash = "sha256:eb82c5e3e56209074766e6885bb04b8c38a0c015d0a30036ebe7ece34c9989e9"},
]

[[package]]
name = "pluggy"
version = "1.4.0"
description = "plugin and hook calling mechanisms for python"
optional = false
python-versions = ">=3.8"
files = [
    {file = "pluggy-1.4.0-py3-none-any.whl", hash = "sha256:7db9f7b503d67d1c5b95f59773ebb58a8c1c288129a88665838012cfb07b8981"},
    {file = "pluggy-1.4.0.tar.gz", hash = "sha256:8c85c2876142a764e5b7548e7d9a0e0ddb46f5185161049a79b7e974454223be"},
]

[package.extras]
dev = ["pre-commit", "tox"]
testing = ["pytest", "pytest-benchmark"]

[[package]]
name = "pycryptodome"
version = "3.20.0"
description = "Cryptographic library for Python"
optional = false
python-versions = ">=2.7, !=3.0.*, !=3.1.*, !=3.2.*, !=3.3.*, !=3.4.*"
files = [
    {file = "pycryptodome-3.20.0-cp27-cp27m-macosx_10_9_x86_64.whl", hash = "sha256:f0e6d631bae3f231d3634f91ae4da7a960f7ff87f2865b2d2b831af1dfb04e9a"},
    {file = "pycryptodome-3.20.0-cp27-cp27m-manylinux2010_i686.whl", hash = "sha256:baee115a9ba6c5d2709a1e88ffe62b73ecc044852a925dcb67713a288c4ec70f"},
    {file = "pycryptodome-3.20.0-cp27-cp27m-manylinux2010_x86_64.whl", hash = "sha256:417a276aaa9cb3be91f9014e9d18d10e840a7a9b9a9be64a42f553c5b50b4d1d"},
    {file = "pycryptodome-3.20.0-cp27-cp27m-manylinux_2_17_aarch64.manylinux2014_aarch64.whl", hash = "sha256:2a1250b7ea809f752b68e3e6f3fd946b5939a52eaeea18c73bdab53e9ba3c2dd"},
    {file = "pycryptodome-3.20.0-cp27-cp27m-musllinux_1_1_aarch64.whl", hash = "sha256:d5954acfe9e00bc83ed9f5cb082ed22c592fbbef86dc48b907238be64ead5c33"},
    {file = "pycryptodome-3.20.0-cp27-cp27m-win32.whl", hash = "sha256:06d6de87c19f967f03b4cf9b34e538ef46e99a337e9a61a77dbe44b2cbcf0690"},
    {file = "pycryptodome-3.20.0-cp27-cp27m-win_amd64.whl", hash = "sha256:ec0bb1188c1d13426039af8ffcb4dbe3aad1d7680c35a62d8eaf2a529b5d3d4f"},
    {file = "pycryptodome-3.20.0-cp27-cp27mu-manylinux2010_i686.whl", hash = "sha256:5601c934c498cd267640b57569e73793cb9a83506f7c73a8ec57a516f5b0b091"},
    {file = "pycryptodome-3.20.0-cp27-cp27mu-manylinux2010_x86_64.whl", hash = "sha256:d29daa681517f4bc318cd8a23af87e1f2a7bad2fe361e8aa29c77d652a065de4"},
    {file = "pycryptodome-3.20.0-cp27-cp27mu-manylinux_2_17_aarch64.manylinux2014_aarch64.whl", hash = "sha256:3427d9e5310af6680678f4cce149f54e0bb4af60101c7f2c16fdf878b39ccccc"},
    {file = "pycryptodome-3.20.0-cp27-cp27mu-musllinux_1_1_aarch64.whl", hash = "sha256:3cd3ef3aee1079ae44afaeee13393cf68b1058f70576b11439483e34f93cf818"},
    {file = "pycryptodome-3.20.0-cp35-abi3-macosx_10_9_universal2.whl", hash = "sha256:ac1c7c0624a862f2e53438a15c9259d1655325fc2ec4392e66dc46cdae24d044"},
    {file = "pycryptodome-3.20.0-cp35-abi3-macosx_10_9_x86_64.whl", hash = "sha256:76658f0d942051d12a9bd08ca1b6b34fd762a8ee4240984f7c06ddfb55eaf15a"},
    {file = "pycryptodome-3.20.0-cp35-abi3-manylinux_2_17_aarch64.manylinux2014_aarch64.whl", hash = "sha256:f35d6cee81fa145333137009d9c8ba90951d7d77b67c79cbe5f03c7eb74d8fe2"},
    {file = "pycryptodome-3.20.0-cp35-abi3-manylinux_2_17_x86_64.manylinux2014_x86_64.whl", hash = "sha256:76cb39afede7055127e35a444c1c041d2e8d2f1f9c121ecef573757ba4cd2c3c"},
    {file = "pycryptodome-3.20.0-cp35-abi3-manylinux_2_5_i686.manylinux1_i686.manylinux_2_17_i686.manylinux2014_i686.whl", hash = "sha256:49a4c4dc60b78ec41d2afa392491d788c2e06edf48580fbfb0dd0f828af49d25"},
    {file = "pycryptodome-3.20.0-cp35-abi3-musllinux_1_1_aarch64.whl", hash = "sha256:fb3b87461fa35afa19c971b0a2b7456a7b1db7b4eba9a8424666104925b78128"},
    {file = "pycryptodome-3.20.0-cp35-abi3-musllinux_1_1_i686.whl", hash = "sha256:acc2614e2e5346a4a4eab6e199203034924313626f9620b7b4b38e9ad74b7e0c"},
    {file = "pycryptodome-3.20.0-cp35-abi3-musllinux_1_1_x86_64.whl", hash = "sha256:210ba1b647837bfc42dd5a813cdecb5b86193ae11a3f5d972b9a0ae2c7e9e4b4"},
    {file = "pycryptodome-3.20.0-cp35-abi3-win32.whl", hash = "sha256:8d6b98d0d83d21fb757a182d52940d028564efe8147baa9ce0f38d057104ae72"},
    {file = "pycryptodome-3.20.0-cp35-abi3-win_amd64.whl", hash = "sha256:9b3ae153c89a480a0ec402e23db8d8d84a3833b65fa4b15b81b83be9d637aab9"},
    {file = "pycryptodome-3.20.0-pp27-pypy_73-manylinux2010_x86_64.whl", hash = "sha256:4401564ebf37dfde45d096974c7a159b52eeabd9969135f0426907db367a652a"},
    {file = "pycryptodome-3.20.0-pp27-pypy_73-win32.whl", hash = "sha256:ec1f93feb3bb93380ab0ebf8b859e8e5678c0f010d2d78367cf6bc30bfeb148e"},
    {file = "pycryptodome-3.20.0-pp310-pypy310_pp73-macosx_10_9_x86_64.whl", hash = "sha256:acae12b9ede49f38eb0ef76fdec2df2e94aad85ae46ec85be3648a57f0a7db04"},
    {file = "pycryptodome-3.20.0-pp310-pypy310_pp73-manylinux_2_17_x86_64.manylinux2014_x86_64.whl", hash = "sha256:f47888542a0633baff535a04726948e876bf1ed880fddb7c10a736fa99146ab3"},
    {file = "pycryptodome-3.20.0-pp310-pypy310_pp73-manylinux_2_5_i686.manylinux1_i686.manylinux_2_17_i686.manylinux2014_i686.whl", hash = "sha256:6e0e4a987d38cfc2e71b4a1b591bae4891eeabe5fa0f56154f576e26287bfdea"},
    {file = "pycryptodome-3.20.0-pp310-pypy310_pp73-win_amd64.whl", hash = "sha256:c18b381553638414b38705f07d1ef0a7cf301bc78a5f9bc17a957eb19446834b"},
    {file = "pycryptodome-3.20.0-pp39-pypy39_pp73-macosx_10_9_x86_64.whl", hash = "sha256:a60fedd2b37b4cb11ccb5d0399efe26db9e0dd149016c1cc6c8161974ceac2d6"},
    {file = "pycryptodome-3.20.0-pp39-pypy39_pp73-manylinux_2_17_x86_64.manylinux2014_x86_64.whl", hash = "sha256:405002eafad114a2f9a930f5db65feef7b53c4784495dd8758069b89baf68eab"},
    {file = "pycryptodome-3.20.0-pp39-pypy39_pp73-manylinux_2_5_i686.manylinux1_i686.manylinux_2_17_i686.manylinux2014_i686.whl", hash = "sha256:2ab6ab0cb755154ad14e507d1df72de9897e99fd2d4922851a276ccc14f4f1a5"},
    {file = "pycryptodome-3.20.0-pp39-pypy39_pp73-win_amd64.whl", hash = "sha256:acf6e43fa75aca2d33e93409f2dafe386fe051818ee79ee8a3e21de9caa2ac9e"},
    {file = "pycryptodome-3.20.0.tar.gz", hash = "sha256:09609209ed7de61c2b560cc5c8c4fbf892f8b15b1faf7e4cbffac97db1fffda7"},
]

[[package]]
name = "pyliblzfse"
version = "0.4.1"
description = "Python bindings for the LZFSE reference implementation"
optional = true
python-versions = "*"
files = [
    {file = "pyliblzfse-0.4.1-cp36-cp36m-macosx_10_6_intel.whl", hash = "sha256:69439a557a2979f18b816f7ccfcfdd2dc2021612811213ab569d0b35f1a04c22"},
    {file = "pyliblzfse-0.4.1-cp36-cp36m-win32.whl", hash = "sha256:9b18209a8a8450ca5c01e18686b4df1796f9711cc8069897b3c8876e4cecb3ca"},
    {file = "pyliblzfse-0.4.1-cp36-cp36m-win_amd64.whl", hash = "sha256:3c11008725ea6ca272c55950fee0a7424909bb4e8f07594651e3e46ba8075b59"},
    {file = "pyliblzfse-0.4.1-cp37-cp37m-macosx_10_9_x86_64.whl", hash = "sha256:de694b03164288fba37701aaecbdfd7cc6356cf3155e5bf69a44d4f73c8903ba"},
    {file = "pyliblzfse-0.4.1-cp37-cp37m-win32.whl", hash = "sha256:b42e8dc723c83833c5708044a3490c216aaf2a63c6509739e3ec628fa75b8e6a"},
    {file = "pyliblzfse-0.4.1-cp37-cp37m-win_amd64.whl", hash = "sha256:df61b02ef4bfdddf40ad4aa153df4afaf06b4e8a4f174231f6252cce7656c315"},
    {file = "pyliblzfse-0.4.1-cp38-cp38-macosx_10_9_x86_64.whl", hash = "sha256:fd59ba6e1261b8e81a84008b2207a1019695c42d6c7e66e0abd96970e2b4fa55"},
    {file = "pyliblzfse-0.4.1-cp38-cp38-win32.whl", hash = "sha256:269e8d568b8c35ae145e4b938308c17938df90201be04514efc9ea3fb4a9cdc9"},
    {file = "pyliblzfse-0.4.1-cp38-cp38-win_amd64.whl", hash = "sha256:0c2d164869d01253569f1a9f835d27857d7bd209e3d225d8e3b2097aab2df4fe"},
    {file = "pyliblzfse-0.4.1-cp39-cp39-macosx_10_9_x86_64.whl", hash = "sha256:1b255da10393541c54d0b6d0c6a0c68691075736a5ac7c921add1c03c0488ffa"},
    {file = "pyliblzfse-0.4.1-cp39-cp39-win_amd64.whl", hash = "sha256:b661e91ad6f84c1fbaa07f8c7d1c493cd85fd839a7a6c2d0c0713574b7347eed"},
    {file = "pyliblzfse-0.4.1.tar.gz", hash = "sha256:bb0b899b3830c02fdf3dbde48ea59611833f366fef836e5c32cf8145134b7d3d"},
]

[[package]]
name = "pylzss"
version = "0.3.6"
description = "LZSS compression algorithm"
optional = true
python-versions = "*"
files = [
    {file = "pylzss-0.3.6-cp310-cp310-macosx_10_9_x86_64.whl", hash = "sha256:725c437d662bf565fd170bc3c12b95f98576afa0363416e0dc974bcea4f2fbed"},
    {file = "pylzss-0.3.6-cp310-cp310-manylinux_2_17_aarch64.manylinux2014_aarch64.whl", hash = "sha256:e23bbc06cc0c87c1f6494087c7e13a4a44bdfca69f5b8672177410d7593b7e53"},
    {file = "pylzss-0.3.6-cp310-cp310-manylinux_2_5_i686.manylinux1_i686.manylinux_2_17_i686.manylinux2014_i686.whl", hash = "sha256:3d777921f451ef53ff64339f6db450c0f68b21d5ec4a6d9abe6626571f1a4d56"},
    {file = "pylzss-0.3.6-cp310-cp310-manylinux_2_5_x86_64.manylinux1_x86_64.manylinux_2_17_x86_64.manylinux2014_x86_64.whl", hash = "sha256:c6c171981e4bb71196a23d097baf12915b8d719ac8233f1bbe443e0e667c185a"},
    {file = "pylzss-0.3.6-cp310-cp310-musllinux_1_1_aarch64.whl", hash = "sha256:03f12e7e65d64e07a7b08d2127806a4557d1a2ca1ef761cff24ab2e2eacfdfba"},
    {file = "pylzss-0.3.6-cp310-cp310-musllinux_1_1_i686.whl", hash = "sha256:b12a1d63cf1a0b581ef6b3081c91b5451f5f24945f7e218557311b3c13bcb344"},
    {file = "pylzss-0.3.6-cp310-cp310-musllinux_1_1_x86_64.whl", hash = "sha256:10c660fffa85a2f3b15cc0a9ec9c9715f5ae0b9dbc45ecc8ca223e8361eab651"},
    {file = "pylzss-0.3.6-cp310-cp310-win32.whl", hash = "sha256:07a588f2bf85350b089de386c64a020dffe8b8c55d2ce849bdce1da2f9c75723"},
    {file = "pylzss-0.3.6-cp310-cp310-win_amd64.whl", hash = "sha256:6d7e2ff02ea759f29892d33d9cd37ad8dc5bbf39767be22f7955c5edf2a206c1"},
    {file = "pylzss-0.3.6-cp311-cp311-macosx_10_9_x86_64.whl", hash = "sha256:eb70107584dd6e74cc24e0fa7e00094098cf8e0e56c923abae802381b6f2a13c"},
    {file = "pylzss-0.3.6-cp311-cp311-manylinux_2_17_aarch64.manylinux2014_aarch64.whl", hash = "sha256:7c43af37b5284783c36e49edafe238b855fcef3fc3cc9225eec3740ab4fa8e79"},
    {file = "pylzss-0.3.6-cp311-cp311-manylinux_2_5_i686.manylinux1_i686.manylinux_2_17_i686.manylinux2014_i686.whl", hash = "sha256:a0017c5834b1de834360fa0a5e5ef43eef64995fc4382add8502a958f9336aeb"},
    {file = "pylzss-0.3.6-cp311-cp311-manylinux_2_5_x86_64.manylinux1_x86_64.manylinux_2_17_x86_64.manylinux2014_x86_64.whl", hash = "sha256:df1e6c5a0cb9e32a56637e3420a5a849e1e8708f9f5006175e40688cc8e799b4"},
    {file = "pylzss-0.3.6-cp311-cp311-musllinux_1_1_aarch64.whl", hash = "sha256:9902b0002c7b257f7acac678a0d1e7b8f9b484c18c0cef0c49361749f8e18e38"},
    {file = "pylzss-0.3.6-cp311-cp311-musllinux_1_1_i686.whl", hash = "sha256:23b9f65d9783ddb8b42b7526682af46d8442586621be7f6ad7bcf5862e70c222"},
    {file = "pylzss-0.3.6-cp311-cp311-musllinux_1_1_x86_64.whl", hash = "sha256:505ccdbc7c9044a99be5e28fd32ba7b5a6e2cbf0bd1a2930e60b94df2c2edf53"},
    {file = "pylzss-0.3.6-cp311-cp311-win32.whl", hash = "sha256:e1480eb111dc11c86a94644506f55d55538db858a89fd276249474c67fb3da83"},
    {file = "pylzss-0.3.6-cp311-cp311-win_amd64.whl", hash = "sha256:fa47c643b3b3629fb8a80e8e9701bef9bd3852f3829761d578113cc02ce6e970"},
    {file = "pylzss-0.3.6-cp312-cp312-macosx_10_9_x86_64.whl", hash = "sha256:97b851fcd1a133b40bd9d55f9bef6866d392ca7ca06f80079b9e4417dc768e19"},
    {file = "pylzss-0.3.6-cp312-cp312-manylinux_2_17_aarch64.manylinux2014_aarch64.whl", hash = "sha256:f582c55410772ee45035349698fdc646bd15869e2663ef84d5c1d259676992b4"},
    {file = "pylzss-0.3.6-cp312-cp312-manylinux_2_5_i686.manylinux1_i686.manylinux_2_17_i686.manylinux2014_i686.whl", hash = "sha256:605cb9f4dfc5df39e2ed499c1049a3f56c92868903f3c74e0bda922ae0c6c431"},
    {file = "pylzss-0.3.6-cp312-cp312-manylinux_2_5_x86_64.manylinux1_x86_64.manylinux_2_17_x86_64.manylinux2014_x86_64.whl", hash = "sha256:2eb01292789594e3bcd1ee4fd12520d8bc821891eac6227514fcd8bad7b24f57"},
    {file = "pylzss-0.3.6-cp312-cp312-musllinux_1_1_aarch64.whl", hash = "sha256:cfa9ed8ff7ca8f2e100810300331d5baa3c9d8c514e36ce47f766b6fb046c30e"},
    {file = "pylzss-0.3.6-cp312-cp312-musllinux_1_1_i686.whl", hash = "sha256:507ca83dd11ed73bfe52e7a772a3109104589f2cbe1ec1d6cbbb96e68cef8b7a"},
    {file = "pylzss-0.3.6-cp312-cp312-musllinux_1_1_x86_64.whl", hash = "sha256:c1fc6cbd3890b0fe6e8a61ec59d731efd5b5760192d1df1a2e2016b30bb35efa"},
    {file = "pylzss-0.3.6-cp312-cp312-win32.whl", hash = "sha256:d5aad724c6206f88db3ef5245c603ebbe33b2dd3500f0cb8fcbc2a7a9947ad69"},
    {file = "pylzss-0.3.6-cp312-cp312-win_amd64.whl", hash = "sha256:34c0b349c6a47768611195d9041568fa3dcc34eb9e1f014119b84f0d74cb93ef"},
    {file = "pylzss-0.3.6-cp36-cp36m-macosx_10_9_x86_64.whl", hash = "sha256:1b1ae7b6e60eb975ee7129d3c4b55e7682af7cb52341e42c2b7be9002fcfd310"},
    {file = "pylzss-0.3.6-cp36-cp36m-manylinux_2_17_aarch64.manylinux2014_aarch64.whl", hash = "sha256:9068a4db6335ca351514caabdb01a114aa745977cb0a516b2a79923968855b21"},
    {file = "pylzss-0.3.6-cp36-cp36m-manylinux_2_5_i686.manylinux1_i686.manylinux_2_17_i686.manylinux2014_i686.whl", hash = "sha256:7241d7ddda1a23125951bc291f67ef1fcd325e4cef41cc98dd6d58c1c4d8a606"},
    {file = "pylzss-0.3.6-cp36-cp36m-manylinux_2_5_x86_64.manylinux1_x86_64.manylinux_2_17_x86_64.manylinux2014_x86_64.whl", hash = "sha256:e5a28755aee83c6d209e400652a380ceae357fe93df8346de1035f92bf34d2cc"},
    {file = "pylzss-0.3.6-cp36-cp36m-musllinux_1_1_aarch64.whl", hash = "sha256:bf8f63d65f30ec39104df518ae3a23912da8ea03cd6a203d732753522a78fbad"},
    {file = "pylzss-0.3.6-cp36-cp36m-musllinux_1_1_i686.whl", hash = "sha256:150c5695cd9000ca1c91af3fe4ebbc4e7b77c60f2b7eecf8a52be6b83d14f568"},
    {file = "pylzss-0.3.6-cp36-cp36m-musllinux_1_1_x86_64.whl", hash = "sha256:f7faedcd155c10a62f2680ae593dfffb3cd87daba2f69e5aefc0328e814d91f0"},
    {file = "pylzss-0.3.6-cp36-cp36m-win32.whl", hash = "sha256:6e62ee7aeada1ae99697016b22b4cc1cfe0e9b16d42bd3744fc70422c7a4c116"},
    {file = "pylzss-0.3.6-cp36-cp36m-win_amd64.whl", hash = "sha256:3f711808261c8f4f32188956482c0ba40544880b553bd75ec200fef7abf8fa63"},
    {file = "pylzss-0.3.6-cp37-cp37m-macosx_10_9_x86_64.whl", hash = "sha256:8995736adaf9fecaac8c5823285fb89480cb56aa5e804ac062fca7eb20b98539"},
    {file = "pylzss-0.3.6-cp37-cp37m-manylinux_2_17_aarch64.manylinux2014_aarch64.whl", hash = "sha256:4c2402ebb9fd92fe0ba56f4cdabe1ef01e7d0767dd44f500b65bc2cf53f811d6"},
    {file = "pylzss-0.3.6-cp37-cp37m-manylinux_2_5_i686.manylinux1_i686.manylinux_2_17_i686.manylinux2014_i686.whl", hash = "sha256:6fd0ff0defe9bab239de6e8b035a3dcce5cb1748236b18ec24af864311b0a8f2"},
    {file = "pylzss-0.3.6-cp37-cp37m-manylinux_2_5_x86_64.manylinux1_x86_64.manylinux_2_17_x86_64.manylinux2014_x86_64.whl", hash = "sha256:c6bda493ef13ffb04436e553c2be55aea67932ad1176f12e48c17f64063db573"},
    {file = "pylzss-0.3.6-cp37-cp37m-musllinux_1_1_aarch64.whl", hash = "sha256:69cc4e465693e500447c2b84981a5deda945b5f9f2566dd13877d845110c9200"},
    {file = "pylzss-0.3.6-cp37-cp37m-musllinux_1_1_i686.whl", hash = "sha256:098d299c23b8b17b794a683a6e6addd02624320e0c7dfa6b85c0ead951364392"},
    {file = "pylzss-0.3.6-cp37-cp37m-musllinux_1_1_x86_64.whl", hash = "sha256:48b9a5238ab1f9f07a21b9b1e78aa2d3e078e068104f87c468de8ac40204ff9c"},
    {file = "pylzss-0.3.6-cp37-cp37m-win32.whl", hash = "sha256:7e675a6f69643c22ca673be2db2b335361b9260d28a46e58cc102f3b1671959f"},
    {file = "pylzss-0.3.6-cp37-cp37m-win_amd64.whl", hash = "sha256:b96ed20e104624f392c93ee74c8558380947072dee3c9a74b82b3bbf91e664c2"},
    {file = "pylzss-0.3.6-cp38-cp38-macosx_10_9_x86_64.whl", hash = "sha256:c5d1837dc4029bdee4cca56ba053b5a39c27387d47093ebca99c243e3c2e0873"},
    {file = "pylzss-0.3.6-cp38-cp38-manylinux_2_17_aarch64.manylinux2014_aarch64.whl", hash = "sha256:93d5639518b11fdebe36e591579a23a8ea4d74990f01da918024d64828b4fbb0"},
    {file = "pylzss-0.3.6-cp38-cp38-manylinux_2_5_i686.manylinux1_i686.manylinux_2_17_i686.manylinux2014_i686.whl", hash = "sha256:fe881fff8361b14d4c5ca21d05014f715ad02683a2d164e30717c5fad178c54e"},
    {file = "pylzss-0.3.6-cp38-cp38-manylinux_2_5_x86_64.manylinux1_x86_64.manylinux_2_17_x86_64.manylinux2014_x86_64.whl", hash = "sha256:43558ebbcf257ce5445d111f334d0b189a53e98bd90379b015800cceb2e8d264"},
    {file = "pylzss-0.3.6-cp38-cp38-musllinux_1_1_aarch64.whl", hash = "sha256:8c3fe259906b0febc961032b03d436c33f9700af78c79cd61c9077545fea1cd6"},
    {file = "pylzss-0.3.6-cp38-cp38-musllinux_1_1_i686.whl", hash = "sha256:65e13a919362d09021cb1835bc52ec93f9efd7991c2b29a7f3daaee133400371"},
    {file = "pylzss-0.3.6-cp38-cp38-musllinux_1_1_x86_64.whl", hash = "sha256:7b3c892692259cc92e19435e0733f76588ac983a00a36f4b9d0f87c4a75e64f4"},
    {file = "pylzss-0.3.6-cp38-cp38-win32.whl", hash = "sha256:2ef81189ecd2740503b7d35236b60d470aee5d6b9172941dc22d30e31949cfd3"},
    {file = "pylzss-0.3.6-cp38-cp38-win_amd64.whl", hash = "sha256:48b1f0d8cbf7563394529d63ccd10d54c3f2ff6ff0566b0f977fe7e432ebe865"},
    {file = "pylzss-0.3.6-cp39-cp39-macosx_10_9_x86_64.whl", hash = "sha256:3ee14fb892589262540c1af21cf324d20f7fc166bc738a3bf756d0cef1e34319"},
    {file = "pylzss-0.3.6-cp39-cp39-manylinux_2_17_aarch64.manylinux2014_aarch64.whl", hash = "sha256:5911d684a489fa31bad11018d2a33cafbbbc5bc88f3d5175edd920dd45be8b76"},
    {file = "pylzss-0.3.6-cp39-cp39-manylinux_2_5_i686.manylinux1_i686.manylinux_2_17_i686.manylinux2014_i686.whl", hash = "sha256:c24d0d4217207e4e7f669c06b571f3217fb6572d4c751432b7eebc69793c0b2f"},
    {file = "pylzss-0.3.6-cp39-cp39-manylinux_2_5_x86_64.manylinux1_x86_64.manylinux_2_17_x86_64.manylinux2014_x86_64.whl", hash = "sha256:8b3e78578c218bbe37ee5f7d244d62c468de79f4177b32dbf32e4272c3698abd"},
    {file = "pylzss-0.3.6-cp39-cp39-musllinux_1_1_aarch64.whl", hash = "sha256:fb64cf5cea3d152db414d0fb8b9103d1fcf48bf2b2526842dcab518050d4bf41"},
    {file = "pylzss-0.3.6-cp39-cp39-musllinux_1_1_i686.whl", hash = "sha256:967c3fa069ebed6e61ede78c5b8762581b7f7079680492854d9ecdba8c59df17"},
    {file = "pylzss-0.3.6-cp39-cp39-musllinux_1_1_x86_64.whl", hash = "sha256:c6f51fe5d198b4130e1a915074ba13af55955c1e3b9304ece8fe15843b31e958"},
    {file = "pylzss-0.3.6-cp39-cp39-win32.whl", hash = "sha256:b26580ad044f5843666268c344d12bf8d908eac595a90e6645177c9ce79cf97e"},
    {file = "pylzss-0.3.6-cp39-cp39-win_amd64.whl", hash = "sha256:c9c271f8807f98ef9e7a6a77e5991a5f4f1263264bfc10be7fd78f9621596cea"},
    {file = "pylzss-0.3.6-pp310-pypy310_pp73-macosx_10_9_x86_64.whl", hash = "sha256:35156e2ae789712ffd7a0c546faf4df5433076d8eb4014221d5f737455de9ce5"},
    {file = "pylzss-0.3.6-pp310-pypy310_pp73-manylinux_2_17_aarch64.manylinux2014_aarch64.whl", hash = "sha256:4e2ea77a24e755d013063f7f3f8c8922ff9fba110b11a5a799a33aa7230840aa"},
    {file = "pylzss-0.3.6-pp310-pypy310_pp73-manylinux_2_5_i686.manylinux1_i686.manylinux_2_17_i686.manylinux2014_i686.whl", hash = "sha256:848eeab0e55ee3d282bf5496fa16cb201377dd3666361a200211123ba5f85f56"},
    {file = "pylzss-0.3.6-pp310-pypy310_pp73-manylinux_2_5_x86_64.manylinux1_x86_64.manylinux_2_17_x86_64.manylinux2014_x86_64.whl", hash = "sha256:8de83405b5e6a07f8adc64ec4fb6c7c88be0d11142af1ce305f068a3641d63cc"},
    {file = "pylzss-0.3.6-pp310-pypy310_pp73-win_amd64.whl", hash = "sha256:651a89b03f813b70af8547c3ab00aeb5f14fab52be3774e5e542973c9e25ae22"},
    {file = "pylzss-0.3.6-pp37-pypy37_pp73-macosx_10_9_x86_64.whl", hash = "sha256:1e34cfec56cf6173f9c4ef341cb6555478eff7625ed344d79413b4e96c54c7f2"},
    {file = "pylzss-0.3.6-pp37-pypy37_pp73-manylinux_2_17_aarch64.manylinux2014_aarch64.whl", hash = "sha256:8aa122566b8858de980bc5e18b28661dcf65dddc7dcbfaa0685ef3ce3d25f640"},
    {file = "pylzss-0.3.6-pp37-pypy37_pp73-manylinux_2_5_i686.manylinux1_i686.manylinux_2_17_i686.manylinux2014_i686.whl", hash = "sha256:45e2dc2a3480a8985b8d862a5f6af28884cc9327505bccbda5d38f60f6f4ce21"},
    {file = "pylzss-0.3.6-pp37-pypy37_pp73-manylinux_2_5_x86_64.manylinux1_x86_64.manylinux_2_17_x86_64.manylinux2014_x86_64.whl", hash = "sha256:25210b5fc1b8e4c6152ddfc1d84844b6ba9bda6b0be6907ef470fb413d0286f9"},
    {file = "pylzss-0.3.6-pp37-pypy37_pp73-win_amd64.whl", hash = "sha256:87815e94575342cb26c0c7fbefc825e13cd167b4289dc2fdc599633c424f0902"},
    {file = "pylzss-0.3.6-pp38-pypy38_pp73-macosx_10_9_x86_64.whl", hash = "sha256:607a100e4905ae80dcad9502377b5914989d5c7a9a081e7ae97a8c80a4dc1c8c"},
    {file = "pylzss-0.3.6-pp38-pypy38_pp73-manylinux_2_17_aarch64.manylinux2014_aarch64.whl", hash = "sha256:0001913ea98a69acbf5bc1ae6c8666f576aa32f52ddeccf232a469351edec0b7"},
    {file = "pylzss-0.3.6-pp38-pypy38_pp73-manylinux_2_5_i686.manylinux1_i686.manylinux_2_17_i686.manylinux2014_i686.whl", hash = "sha256:87f3b73cec6492d8dac33d0cc0ad9b9989354c4e737392bab0bf3db68378f3f7"},
    {file = "pylzss-0.3.6-pp38-pypy38_pp73-manylinux_2_5_x86_64.manylinux1_x86_64.manylinux_2_17_x86_64.manylinux2014_x86_64.whl", hash = "sha256:a81e01aad5bbbf0d8509c3b99249b3440eda5f74c8a87ea777c94250a4b4152a"},
    {file = "pylzss-0.3.6-pp38-pypy38_pp73-win_amd64.whl", hash = "sha256:2a63638294358c3d23804b29a4e1aff85206bd4eae5393b13a9f926383c897c4"},
    {file = "pylzss-0.3.6-pp39-pypy39_pp73-macosx_10_9_x86_64.whl", hash = "sha256:cbc06cf97e1bc55349cdc15e3a8a61df8c12392da1947802ed02bff5801272fb"},
    {file = "pylzss-0.3.6-pp39-pypy39_pp73-manylinux_2_17_aarch64.manylinux2014_aarch64.whl", hash = "sha256:2972eaf5c753848f781a6617960cedaf25cf33c8fc863c468f42d92e08749ef0"},
    {file = "pylzss-0.3.6-pp39-pypy39_pp73-manylinux_2_5_i686.manylinux1_i686.manylinux_2_17_i686.manylinux2014_i686.whl", hash = "sha256:907bd4d4993afde0248eb050ab7766a31e4cd1f61de07203f9880ec09a1fe520"},
    {file = "pylzss-0.3.6-pp39-pypy39_pp73-manylinux_2_5_x86_64.manylinux1_x86_64.manylinux_2_17_x86_64.manylinux2014_x86_64.whl", hash = "sha256:64d472f7129fab2e22d7b78170889d300764fee7a57204fdb42acee2b8686caa"},
    {file = "pylzss-0.3.6-pp39-pypy39_pp73-win_amd64.whl", hash = "sha256:e2cbe6b68cd82d5f09e59e2eff717b53496ce1876ae9ac2180667f4f4cf9f3c5"},
    {file = "pylzss-0.3.6.tar.gz", hash = "sha256:b6a4356f3db763564c00412a21e1aa09bd4bff0b87551156f58868a3b089a682"},
]

[[package]]
name = "pytest"
version = "7.4.4"
description = "pytest: simple powerful testing with Python"
optional = false
python-versions = ">=3.7"
files = [
    {file = "pytest-7.4.4-py3-none-any.whl", hash = "sha256:b090cdf5ed60bf4c45261be03239c2c1c22df034fbffe691abe93cd80cea01d8"},
    {file = "pytest-7.4.4.tar.gz", hash = "sha256:2cf0005922c6ace4a3e2ec8b4080eb0d9753fdc93107415332f50ce9e7994280"},
]

[package.dependencies]
colorama = {version = "*", markers = "sys_platform == \"win32\""}
exceptiongroup = {version = ">=1.0.0rc8", markers = "python_version < \"3.11\""}
iniconfig = "*"
packaging = "*"
pluggy = ">=0.12,<2.0"
tomli = {version = ">=1.0.0", markers = "python_version < \"3.11\""}

[package.extras]
testing = ["argcomplete", "attrs (>=19.2.0)", "hypothesis (>=3.56)", "mock", "nose", "pygments (>=2.7.2)", "requests", "setuptools", "xmlschema"]

[[package]]
name = "remotezip"
version = "0.12.3"
description = "Access zip file content hosted remotely without downloading the full file."
optional = false
python-versions = "*"
files = [
    {file = "remotezip-0.12.3-py3-none-any.whl", hash = "sha256:f70a4026879439ecb0a2cf848a7c176ae5ee142bbe51ec69e3344e150b2a52de"},
    {file = "remotezip-0.12.3.tar.gz", hash = "sha256:bf1ebe2be9f07a6e1c14d0e52ecffccd7a3e808dff4f9ba523c5e84d867a3fe3"},
]

[package.dependencies]
requests = "*"

[package.extras]
test = ["requests-mock"]

[[package]]
name = "requests"
version = "2.31.0"
description = "Python HTTP for Humans."
optional = false
python-versions = ">=3.7"
files = [
    {file = "requests-2.31.0-py3-none-any.whl", hash = "sha256:58cd2187c01e70e6e26505bca751777aa9f2ee0b7f4300988b709f44e013003f"},
    {file = "requests-2.31.0.tar.gz", hash = "sha256:942c5a758f98d790eaed1a29cb6eefc7ffb0d1cf7af05c3d2791656dbd6ad1e1"},
]

[package.dependencies]
certifi = ">=2017.4.17"
charset-normalizer = ">=2,<4"
idna = ">=2.5,<4"
urllib3 = ">=1.21.1,<3"

[package.extras]
socks = ["PySocks (>=1.5.6,!=1.5.7)"]
use-chardet-on-py3 = ["chardet (>=3.0.2,<6)"]

[[package]]
name = "tomli"
version = "2.0.1"
description = "A lil' TOML parser"
optional = false
python-versions = ">=3.7"
files = [
    {file = "tomli-2.0.1-py3-none-any.whl", hash = "sha256:939de3e7a6161af0c887ef91b7d41a53e7c5a1ca976325f429cb46ea9bc30ecc"},
    {file = "tomli-2.0.1.tar.gz", hash = "sha256:de526c12914f0c550d15924c62d72abc48d6fe7364aa87328337a31007fe8a4f"},
]

[[package]]
name = "urllib3"
version = "2.2.1"
description = "HTTP library with thread-safe connection pooling, file post, and more."
optional = false
python-versions = ">=3.8"
files = [
    {file = "urllib3-2.2.1-py3-none-any.whl", hash = "sha256:450b20ec296a467077128bff42b73080516e71b56ff59a60a02bef2232c4fa9d"},
    {file = "urllib3-2.2.1.tar.gz", hash = "sha256:d0570876c61ab9e520d776c38acbbb5b05a776d3f9ff98a5c8fd5162a444cf19"},
]

[package.extras]
brotli = ["brotli (>=1.0.9)", "brotlicffi (>=0.8.0)"]
h2 = ["h2 (>=4,<5)"]
socks = ["pysocks (>=1.5.6,!=1.5.7,<2.0)"]
zstd = ["zstandard (>=0.18.0)"]

[[package]]
name = "win32-setctime"
version = "1.1.0"
description = "A small Python utility to set file creation time on Windows"
optional = true
python-versions = ">=3.5"
files = [
    {file = "win32_setctime-1.1.0-py3-none-any.whl", hash = "sha256:231db239e959c2fe7eb1d7dc129f11172354f98361c4fa2d6d2d7e278baa8aad"},
    {file = "win32_setctime-1.1.0.tar.gz", hash = "sha256:15cf5750465118d6929ae4de4eb46e8edae9a5634350c01ba582df868e932cb2"},
]

[package.extras]
dev = ["black (>=19.3b0)", "pytest (>=4.6.2)"]

[extras]
compression = ["apple-compress", "pyliblzfse", "pylzss"]

[metadata]
lock-version = "2.0"
python-versions = "^3.8"
content-hash = "63e9eb2968af6503e5d8ffb30a0bd7eea766aa90ec4455b75c4aa96bcd4d0f48"
