# This file is automatically @generated by Poetry 1.7.0 and should not be changed by hand.

[[package]]
name = "asn1"
version = "2.7.0"
description = "Python-ASN1 is a simple ASN.1 encoder and decoder for Python 2.7+ and 3.5+."
optional = false
python-versions = "*"
files = [
    {file = "asn1-2.7.0-py2.py3-none-any.whl", hash = "sha256:feb01dee1f485ecc1b1c0b66762196baaad22c0e1c89861159413b28393fba33"},
    {file = "asn1-2.7.0.tar.gz", hash = "sha256:44c0fc3d28c6a926e4d4959ffbc1bccf37faf4dca07520ba2e9b1b5b36fe0bda"},
]

[package.dependencies]
enum-compat = "*"

[[package]]
name = "certifi"
version = "2023.11.17"
description = "Python package for providing Mozilla's CA Bundle."
optional = false
python-versions = ">=3.6"
files = [
    {file = "certifi-2023.11.17-py3-none-any.whl", hash = "sha256:e036ab49d5b79556f99cfc2d9320b34cfbe5be05c5871b51de9329f0603b0474"},
    {file = "certifi-2023.11.17.tar.gz", hash = "sha256:9b469f3a900bf28dc19b8cfbf8019bf47f7fdd1a65a1d4ffb98fc14166beb4d1"},
]

[[package]]
name = "charset-normalizer"
version = "3.3.2"
description = "The Real First Universal Charset Detector. Open, modern and actively maintained alternative to Chardet."
optional = false
python-versions = ">=3.7.0"
files = [
    {file = "charset-normalizer-3.3.2.tar.gz", hash = "sha256:f30c3cb33b24454a82faecaf01b19c18562b1e89558fb6c56de4d9118a032fd5"},
    {file = "charset_normalizer-3.3.2-cp310-cp310-macosx_10_9_universal2.whl", hash = "sha256:25baf083bf6f6b341f4121c2f3c548875ee6f5339300e08be3f2b2ba1721cdd3"},
    {file = "charset_normalizer-3.3.2-cp310-cp310-macosx_10_9_x86_64.whl", hash = "sha256:06435b539f889b1f6f4ac1758871aae42dc3a8c0e24ac9e60c2384973ad73027"},
    {file = "charset_normalizer-3.3.2-cp310-cp310-macosx_11_0_arm64.whl", hash = "sha256:9063e24fdb1e498ab71cb7419e24622516c4a04476b17a2dab57e8baa30d6e03"},
    {file = "charset_normalizer-3.3.2-cp310-cp310-manylinux_2_17_aarch64.manylinux2014_aarch64.whl", hash = "sha256:6897af51655e3691ff853668779c7bad41579facacf5fd7253b0133308cf000d"},
    {file = "charset_normalizer-3.3.2-cp310-cp310-manylinux_2_17_ppc64le.manylinux2014_ppc64le.whl", hash = "sha256:1d3193f4a680c64b4b6a9115943538edb896edc190f0b222e73761716519268e"},
    {file = "charset_normalizer-3.3.2-cp310-cp310-manylinux_2_17_s390x.manylinux2014_s390x.whl", hash = "sha256:cd70574b12bb8a4d2aaa0094515df2463cb429d8536cfb6c7ce983246983e5a6"},
    {file = "charset_normalizer-3.3.2-cp310-cp310-manylinux_2_17_x86_64.manylinux2014_x86_64.whl", hash = "sha256:8465322196c8b4d7ab6d1e049e4c5cb460d0394da4a27d23cc242fbf0034b6b5"},
    {file = "charset_normalizer-3.3.2-cp310-cp310-manylinux_2_5_i686.manylinux1_i686.manylinux_2_17_i686.manylinux2014_i686.whl", hash = "sha256:a9a8e9031d613fd2009c182b69c7b2c1ef8239a0efb1df3f7c8da66d5dd3d537"},
    {file = "charset_normalizer-3.3.2-cp310-cp310-musllinux_1_1_aarch64.whl", hash = "sha256:beb58fe5cdb101e3a055192ac291b7a21e3b7ef4f67fa1d74e331a7f2124341c"},
    {file = "charset_normalizer-3.3.2-cp310-cp310-musllinux_1_1_i686.whl", hash = "sha256:e06ed3eb3218bc64786f7db41917d4e686cc4856944f53d5bdf83a6884432e12"},
    {file = "charset_normalizer-3.3.2-cp310-cp310-musllinux_1_1_ppc64le.whl", hash = "sha256:2e81c7b9c8979ce92ed306c249d46894776a909505d8f5a4ba55b14206e3222f"},
    {file = "charset_normalizer-3.3.2-cp310-cp310-musllinux_1_1_s390x.whl", hash = "sha256:572c3763a264ba47b3cf708a44ce965d98555f618ca42c926a9c1616d8f34269"},
    {file = "charset_normalizer-3.3.2-cp310-cp310-musllinux_1_1_x86_64.whl", hash = "sha256:fd1abc0d89e30cc4e02e4064dc67fcc51bd941eb395c502aac3ec19fab46b519"},
    {file = "charset_normalizer-3.3.2-cp310-cp310-win32.whl", hash = "sha256:3d47fa203a7bd9c5b6cee4736ee84ca03b8ef23193c0d1ca99b5089f72645c73"},
    {file = "charset_normalizer-3.3.2-cp310-cp310-win_amd64.whl", hash = "sha256:10955842570876604d404661fbccbc9c7e684caf432c09c715ec38fbae45ae09"},
    {file = "charset_normalizer-3.3.2-cp311-cp311-macosx_10_9_universal2.whl", hash = "sha256:802fe99cca7457642125a8a88a084cef28ff0cf9407060f7b93dca5aa25480db"},
    {file = "charset_normalizer-3.3.2-cp311-cp311-macosx_10_9_x86_64.whl", hash = "sha256:573f6eac48f4769d667c4442081b1794f52919e7edada77495aaed9236d13a96"},
    {file = "charset_normalizer-3.3.2-cp311-cp311-macosx_11_0_arm64.whl", hash = "sha256:549a3a73da901d5bc3ce8d24e0600d1fa85524c10287f6004fbab87672bf3e1e"},
    {file = "charset_normalizer-3.3.2-cp311-cp311-manylinux_2_17_aarch64.manylinux2014_aarch64.whl", hash = "sha256:f27273b60488abe721a075bcca6d7f3964f9f6f067c8c4c605743023d7d3944f"},
    {file = "charset_normalizer-3.3.2-cp311-cp311-manylinux_2_17_ppc64le.manylinux2014_ppc64le.whl", hash = "sha256:1ceae2f17a9c33cb48e3263960dc5fc8005351ee19db217e9b1bb15d28c02574"},
    {file = "charset_normalizer-3.3.2-cp311-cp311-manylinux_2_17_s390x.manylinux2014_s390x.whl", hash = "sha256:65f6f63034100ead094b8744b3b97965785388f308a64cf8d7c34f2f2e5be0c4"},
    {file = "charset_normalizer-3.3.2-cp311-cp311-manylinux_2_17_x86_64.manylinux2014_x86_64.whl", hash = "sha256:753f10e867343b4511128c6ed8c82f7bec3bd026875576dfd88483c5c73b2fd8"},
    {file = "charset_normalizer-3.3.2-cp311-cp311-manylinux_2_5_i686.manylinux1_i686.manylinux_2_17_i686.manylinux2014_i686.whl", hash = "sha256:4a78b2b446bd7c934f5dcedc588903fb2f5eec172f3d29e52a9096a43722adfc"},
    {file = "charset_normalizer-3.3.2-cp311-cp311-musllinux_1_1_aarch64.whl", hash = "sha256:e537484df0d8f426ce2afb2d0f8e1c3d0b114b83f8850e5f2fbea0e797bd82ae"},
    {file = "charset_normalizer-3.3.2-cp311-cp311-musllinux_1_1_i686.whl", hash = "sha256:eb6904c354526e758fda7167b33005998fb68c46fbc10e013ca97f21ca5c8887"},
    {file = "charset_normalizer-3.3.2-cp311-cp311-musllinux_1_1_ppc64le.whl", hash = "sha256:deb6be0ac38ece9ba87dea880e438f25ca3eddfac8b002a2ec3d9183a454e8ae"},
    {file = "charset_normalizer-3.3.2-cp311-cp311-musllinux_1_1_s390x.whl", hash = "sha256:4ab2fe47fae9e0f9dee8c04187ce5d09f48eabe611be8259444906793ab7cbce"},
    {file = "charset_normalizer-3.3.2-cp311-cp311-musllinux_1_1_x86_64.whl", hash = "sha256:80402cd6ee291dcb72644d6eac93785fe2c8b9cb30893c1af5b8fdd753b9d40f"},
    {file = "charset_normalizer-3.3.2-cp311-cp311-win32.whl", hash = "sha256:7cd13a2e3ddeed6913a65e66e94b51d80a041145a026c27e6bb76c31a853c6ab"},
    {file = "charset_normalizer-3.3.2-cp311-cp311-win_amd64.whl", hash = "sha256:663946639d296df6a2bb2aa51b60a2454ca1cb29835324c640dafb5ff2131a77"},
    {file = "charset_normalizer-3.3.2-cp312-cp312-macosx_10_9_universal2.whl", hash = "sha256:0b2b64d2bb6d3fb9112bafa732def486049e63de9618b5843bcdd081d8144cd8"},
    {file = "charset_normalizer-3.3.2-cp312-cp312-macosx_10_9_x86_64.whl", hash = "sha256:ddbb2551d7e0102e7252db79ba445cdab71b26640817ab1e3e3648dad515003b"},
    {file = "charset_normalizer-3.3.2-cp312-cp312-macosx_11_0_arm64.whl", hash = "sha256:55086ee1064215781fff39a1af09518bc9255b50d6333f2e4c74ca09fac6a8f6"},
    {file = "charset_normalizer-3.3.2-cp312-cp312-manylinux_2_17_aarch64.manylinux2014_aarch64.whl", hash = "sha256:8f4a014bc36d3c57402e2977dada34f9c12300af536839dc38c0beab8878f38a"},
    {file = "charset_normalizer-3.3.2-cp312-cp312-manylinux_2_17_ppc64le.manylinux2014_ppc64le.whl", hash = "sha256:a10af20b82360ab00827f916a6058451b723b4e65030c5a18577c8b2de5b3389"},
    {file = "charset_normalizer-3.3.2-cp312-cp312-manylinux_2_17_s390x.manylinux2014_s390x.whl", hash = "sha256:8d756e44e94489e49571086ef83b2bb8ce311e730092d2c34ca8f7d925cb20aa"},
    {file = "charset_normalizer-3.3.2-cp312-cp312-manylinux_2_17_x86_64.manylinux2014_x86_64.whl", hash = "sha256:90d558489962fd4918143277a773316e56c72da56ec7aa3dc3dbbe20fdfed15b"},
    {file = "charset_normalizer-3.3.2-cp312-cp312-manylinux_2_5_i686.manylinux1_i686.manylinux_2_17_i686.manylinux2014_i686.whl", hash = "sha256:6ac7ffc7ad6d040517be39eb591cac5ff87416c2537df6ba3cba3bae290c0fed"},
    {file = "charset_normalizer-3.3.2-cp312-cp312-musllinux_1_1_aarch64.whl", hash = "sha256:7ed9e526742851e8d5cc9e6cf41427dfc6068d4f5a3bb03659444b4cabf6bc26"},
    {file = "charset_normalizer-3.3.2-cp312-cp312-musllinux_1_1_i686.whl", hash = "sha256:8bdb58ff7ba23002a4c5808d608e4e6c687175724f54a5dade5fa8c67b604e4d"},
    {file = "charset_normalizer-3.3.2-cp312-cp312-musllinux_1_1_ppc64le.whl", hash = "sha256:6b3251890fff30ee142c44144871185dbe13b11bab478a88887a639655be1068"},
    {file = "charset_normalizer-3.3.2-cp312-cp312-musllinux_1_1_s390x.whl", hash = "sha256:b4a23f61ce87adf89be746c8a8974fe1c823c891d8f86eb218bb957c924bb143"},
    {file = "charset_normalizer-3.3.2-cp312-cp312-musllinux_1_1_x86_64.whl", hash = "sha256:efcb3f6676480691518c177e3b465bcddf57cea040302f9f4e6e191af91174d4"},
    {file = "charset_normalizer-3.3.2-cp312-cp312-win32.whl", hash = "sha256:d965bba47ddeec8cd560687584e88cf699fd28f192ceb452d1d7ee807c5597b7"},
    {file = "charset_normalizer-3.3.2-cp312-cp312-win_amd64.whl", hash = "sha256:96b02a3dc4381e5494fad39be677abcb5e6634bf7b4fa83a6dd3112607547001"},
    {file = "charset_normalizer-3.3.2-cp37-cp37m-macosx_10_9_x86_64.whl", hash = "sha256:95f2a5796329323b8f0512e09dbb7a1860c46a39da62ecb2324f116fa8fdc85c"},
    {file = "charset_normalizer-3.3.2-cp37-cp37m-manylinux_2_17_aarch64.manylinux2014_aarch64.whl", hash = "sha256:c002b4ffc0be611f0d9da932eb0f704fe2602a9a949d1f738e4c34c75b0863d5"},
    {file = "charset_normalizer-3.3.2-cp37-cp37m-manylinux_2_17_ppc64le.manylinux2014_ppc64le.whl", hash = "sha256:a981a536974bbc7a512cf44ed14938cf01030a99e9b3a06dd59578882f06f985"},
    {file = "charset_normalizer-3.3.2-cp37-cp37m-manylinux_2_17_s390x.manylinux2014_s390x.whl", hash = "sha256:3287761bc4ee9e33561a7e058c72ac0938c4f57fe49a09eae428fd88aafe7bb6"},
    {file = "charset_normalizer-3.3.2-cp37-cp37m-manylinux_2_17_x86_64.manylinux2014_x86_64.whl", hash = "sha256:42cb296636fcc8b0644486d15c12376cb9fa75443e00fb25de0b8602e64c1714"},
    {file = "charset_normalizer-3.3.2-cp37-cp37m-manylinux_2_5_i686.manylinux1_i686.manylinux_2_17_i686.manylinux2014_i686.whl", hash = "sha256:0a55554a2fa0d408816b3b5cedf0045f4b8e1a6065aec45849de2d6f3f8e9786"},
    {file = "charset_normalizer-3.3.2-cp37-cp37m-musllinux_1_1_aarch64.whl", hash = "sha256:c083af607d2515612056a31f0a8d9e0fcb5876b7bfc0abad3ecd275bc4ebc2d5"},
    {file = "charset_normalizer-3.3.2-cp37-cp37m-musllinux_1_1_i686.whl", hash = "sha256:87d1351268731db79e0f8e745d92493ee2841c974128ef629dc518b937d9194c"},
    {file = "charset_normalizer-3.3.2-cp37-cp37m-musllinux_1_1_ppc64le.whl", hash = "sha256:bd8f7df7d12c2db9fab40bdd87a7c09b1530128315d047a086fa3ae3435cb3a8"},
    {file = "charset_normalizer-3.3.2-cp37-cp37m-musllinux_1_1_s390x.whl", hash = "sha256:c180f51afb394e165eafe4ac2936a14bee3eb10debc9d9e4db8958fe36afe711"},
    {file = "charset_normalizer-3.3.2-cp37-cp37m-musllinux_1_1_x86_64.whl", hash = "sha256:8c622a5fe39a48f78944a87d4fb8a53ee07344641b0562c540d840748571b811"},
    {file = "charset_normalizer-3.3.2-cp37-cp37m-win32.whl", hash = "sha256:db364eca23f876da6f9e16c9da0df51aa4f104a972735574842618b8c6d999d4"},
    {file = "charset_normalizer-3.3.2-cp37-cp37m-win_amd64.whl", hash = "sha256:86216b5cee4b06df986d214f664305142d9c76df9b6512be2738aa72a2048f99"},
    {file = "charset_normalizer-3.3.2-cp38-cp38-macosx_10_9_universal2.whl", hash = "sha256:6463effa3186ea09411d50efc7d85360b38d5f09b870c48e4600f63af490e56a"},
    {file = "charset_normalizer-3.3.2-cp38-cp38-macosx_10_9_x86_64.whl", hash = "sha256:6c4caeef8fa63d06bd437cd4bdcf3ffefe6738fb1b25951440d80dc7df8c03ac"},
    {file = "charset_normalizer-3.3.2-cp38-cp38-macosx_11_0_arm64.whl", hash = "sha256:37e55c8e51c236f95b033f6fb391d7d7970ba5fe7ff453dad675e88cf303377a"},
    {file = "charset_normalizer-3.3.2-cp38-cp38-manylinux_2_17_aarch64.manylinux2014_aarch64.whl", hash = "sha256:fb69256e180cb6c8a894fee62b3afebae785babc1ee98b81cdf68bbca1987f33"},
    {file = "charset_normalizer-3.3.2-cp38-cp38-manylinux_2_17_ppc64le.manylinux2014_ppc64le.whl", hash = "sha256:ae5f4161f18c61806f411a13b0310bea87f987c7d2ecdbdaad0e94eb2e404238"},
    {file = "charset_normalizer-3.3.2-cp38-cp38-manylinux_2_17_s390x.manylinux2014_s390x.whl", hash = "sha256:b2b0a0c0517616b6869869f8c581d4eb2dd83a4d79e0ebcb7d373ef9956aeb0a"},
    {file = "charset_normalizer-3.3.2-cp38-cp38-manylinux_2_17_x86_64.manylinux2014_x86_64.whl", hash = "sha256:45485e01ff4d3630ec0d9617310448a8702f70e9c01906b0d0118bdf9d124cf2"},
    {file = "charset_normalizer-3.3.2-cp38-cp38-manylinux_2_5_i686.manylinux1_i686.manylinux_2_17_i686.manylinux2014_i686.whl", hash = "sha256:eb00ed941194665c332bf8e078baf037d6c35d7c4f3102ea2d4f16ca94a26dc8"},
    {file = "charset_normalizer-3.3.2-cp38-cp38-musllinux_1_1_aarch64.whl", hash = "sha256:2127566c664442652f024c837091890cb1942c30937add288223dc895793f898"},
    {file = "charset_normalizer-3.3.2-cp38-cp38-musllinux_1_1_i686.whl", hash = "sha256:a50aebfa173e157099939b17f18600f72f84eed3049e743b68ad15bd69b6bf99"},
    {file = "charset_normalizer-3.3.2-cp38-cp38-musllinux_1_1_ppc64le.whl", hash = "sha256:4d0d1650369165a14e14e1e47b372cfcb31d6ab44e6e33cb2d4e57265290044d"},
    {file = "charset_normalizer-3.3.2-cp38-cp38-musllinux_1_1_s390x.whl", hash = "sha256:923c0c831b7cfcb071580d3f46c4baf50f174be571576556269530f4bbd79d04"},
    {file = "charset_normalizer-3.3.2-cp38-cp38-musllinux_1_1_x86_64.whl", hash = "sha256:06a81e93cd441c56a9b65d8e1d043daeb97a3d0856d177d5c90ba85acb3db087"},
    {file = "charset_normalizer-3.3.2-cp38-cp38-win32.whl", hash = "sha256:6ef1d82a3af9d3eecdba2321dc1b3c238245d890843e040e41e470ffa64c3e25"},
    {file = "charset_normalizer-3.3.2-cp38-cp38-win_amd64.whl", hash = "sha256:eb8821e09e916165e160797a6c17edda0679379a4be5c716c260e836e122f54b"},
    {file = "charset_normalizer-3.3.2-cp39-cp39-macosx_10_9_universal2.whl", hash = "sha256:c235ebd9baae02f1b77bcea61bce332cb4331dc3617d254df3323aa01ab47bd4"},
    {file = "charset_normalizer-3.3.2-cp39-cp39-macosx_10_9_x86_64.whl", hash = "sha256:5b4c145409bef602a690e7cfad0a15a55c13320ff7a3ad7ca59c13bb8ba4d45d"},
    {file = "charset_normalizer-3.3.2-cp39-cp39-macosx_11_0_arm64.whl", hash = "sha256:68d1f8a9e9e37c1223b656399be5d6b448dea850bed7d0f87a8311f1ff3dabb0"},
    {file = "charset_normalizer-3.3.2-cp39-cp39-manylinux_2_17_aarch64.manylinux2014_aarch64.whl", hash = "sha256:22afcb9f253dac0696b5a4be4a1c0f8762f8239e21b99680099abd9b2b1b2269"},
    {file = "charset_normalizer-3.3.2-cp39-cp39-manylinux_2_17_ppc64le.manylinux2014_ppc64le.whl", hash = "sha256:e27ad930a842b4c5eb8ac0016b0a54f5aebbe679340c26101df33424142c143c"},
    {file = "charset_normalizer-3.3.2-cp39-cp39-manylinux_2_17_s390x.manylinux2014_s390x.whl", hash = "sha256:1f79682fbe303db92bc2b1136016a38a42e835d932bab5b3b1bfcfbf0640e519"},
    {file = "charset_normalizer-3.3.2-cp39-cp39-manylinux_2_17_x86_64.manylinux2014_x86_64.whl", hash = "sha256:b261ccdec7821281dade748d088bb6e9b69e6d15b30652b74cbbac25e280b796"},
    {file = "charset_normalizer-3.3.2-cp39-cp39-manylinux_2_5_i686.manylinux1_i686.manylinux_2_17_i686.manylinux2014_i686.whl", hash = "sha256:122c7fa62b130ed55f8f285bfd56d5f4b4a5b503609d181f9ad85e55c89f4185"},
    {file = "charset_normalizer-3.3.2-cp39-cp39-musllinux_1_1_aarch64.whl", hash = "sha256:d0eccceffcb53201b5bfebb52600a5fb483a20b61da9dbc885f8b103cbe7598c"},
    {file = "charset_normalizer-3.3.2-cp39-cp39-musllinux_1_1_i686.whl", hash = "sha256:9f96df6923e21816da7e0ad3fd47dd8f94b2a5ce594e00677c0013018b813458"},
    {file = "charset_normalizer-3.3.2-cp39-cp39-musllinux_1_1_ppc64le.whl", hash = "sha256:7f04c839ed0b6b98b1a7501a002144b76c18fb1c1850c8b98d458ac269e26ed2"},
    {file = "charset_normalizer-3.3.2-cp39-cp39-musllinux_1_1_s390x.whl", hash = "sha256:34d1c8da1e78d2e001f363791c98a272bb734000fcef47a491c1e3b0505657a8"},
    {file = "charset_normalizer-3.3.2-cp39-cp39-musllinux_1_1_x86_64.whl", hash = "sha256:ff8fa367d09b717b2a17a052544193ad76cd49979c805768879cb63d9ca50561"},
    {file = "charset_normalizer-3.3.2-cp39-cp39-win32.whl", hash = "sha256:aed38f6e4fb3f5d6bf81bfa990a07806be9d83cf7bacef998ab1a9bd660a581f"},
    {file = "charset_normalizer-3.3.2-cp39-cp39-win_amd64.whl", hash = "sha256:b01b88d45a6fcb69667cd6d2f7a9aeb4bf53760d7fc536bf679ec94fe9f3ff3d"},
    {file = "charset_normalizer-3.3.2-py3-none-any.whl", hash = "sha256:3e4d1f6587322d2788836a99c69062fbb091331ec940e02d12d179c1d53e25fc"},
]

[[package]]
name = "click"
version = "8.1.7"
description = "Composable command line interface toolkit"
optional = false
python-versions = ">=3.7"
files = [
    {file = "click-8.1.7-py3-none-any.whl", hash = "sha256:ae74fb96c20a0277a1d615f1e4d73c8414f5a98db8b799a7931d1582f3390c28"},
    {file = "click-8.1.7.tar.gz", hash = "sha256:ca9853ad459e787e2192211578cc907e7594e294c7ccc834310722b41b9ca6de"},
]

[package.dependencies]
colorama = {version = "*", markers = "platform_system == \"Windows\""}

[[package]]
name = "colorama"
version = "0.4.6"
description = "Cross-platform colored terminal text."
optional = false
python-versions = "!=3.0.*,!=3.1.*,!=3.2.*,!=3.3.*,!=3.4.*,!=3.5.*,!=3.6.*,>=2.7"
files = [
    {file = "colorama-0.4.6-py2.py3-none-any.whl", hash = "sha256:4f1d9991f5acc0ca119f9d443620b77f9d6b33703e51011c16baf57afb285fc6"},
    {file = "colorama-0.4.6.tar.gz", hash = "sha256:08695f5cb7ed6e0531a20572697297273c47b8cae5a63ffc6d6ed5c201be6e44"},
]

[[package]]
name = "enum-compat"
version = "0.0.3"
description = "enum/enum34 compatibility package"
optional = false
python-versions = "*"
files = [
    {file = "enum-compat-0.0.3.tar.gz", hash = "sha256:3677daabed56a6f724451d585662253d8fb4e5569845aafa8bb0da36b1a8751e"},
    {file = "enum_compat-0.0.3-py3-none-any.whl", hash = "sha256:88091b617c7fc3bbbceae50db5958023c48dc40b50520005aa3bf27f8f7ea157"},
]

[[package]]
name = "exceptiongroup"
version = "1.2.0"
description = "Backport of PEP 654 (exception groups)"
optional = false
python-versions = ">=3.7"
files = [
    {file = "exceptiongroup-1.2.0-py3-none-any.whl", hash = "sha256:4bfd3996ac73b41e9b9628b04e079f193850720ea5945fc96a08633c66912f14"},
    {file = "exceptiongroup-1.2.0.tar.gz", hash = "sha256:91f5c769735f051a4290d52edd0858999b57e5876e9f85937691bd4c9fa3ed68"},
]

[package.extras]
test = ["pytest (>=6)"]

[[package]]
name = "idna"
version = "3.6"
description = "Internationalized Domain Names in Applications (IDNA)"
optional = false
python-versions = ">=3.5"
files = [
    {file = "idna-3.6-py3-none-any.whl", hash = "sha256:c05567e9c24a6b9faaa835c4821bad0590fbb9d5779e7caa6e1cc4978e7eb24f"},
    {file = "idna-3.6.tar.gz", hash = "sha256:9ecdbbd083b06798ae1e86adcbfe8ab1479cf864e4ee30fe4e46a003d12491ca"},
]

[[package]]
name = "iniconfig"
version = "2.0.0"
description = "brain-dead simple config-ini parsing"
optional = false
python-versions = ">=3.7"
files = [
    {file = "iniconfig-2.0.0-py3-none-any.whl", hash = "sha256:b6a85871a79d2e3b22d2d1b94ac2824226a63c6b741c88f7ae975f18b6778374"},
    {file = "iniconfig-2.0.0.tar.gz", hash = "sha256:2d91e135bf72d31a410b17c16da610a82cb55f6b0477d1a902134b24a455b8b3"},
]

[[package]]
name = "loguru"
version = "0.7.2"
description = "Python logging made (stupidly) simple"
optional = false
python-versions = ">=3.5"
files = [
    {file = "loguru-0.7.2-py3-none-any.whl", hash = "sha256:003d71e3d3ed35f0f8984898359d65b79e5b21943f78af86aa5491210429b8eb"},
    {file = "loguru-0.7.2.tar.gz", hash = "sha256:e671a53522515f34fd406340ee968cb9ecafbc4b36c679da03c18fd8d0bd51ac"},
]

[package.dependencies]
colorama = {version = ">=0.3.4", markers = "sys_platform == \"win32\""}
win32-setctime = {version = ">=1.0.0", markers = "sys_platform == \"win32\""}

[package.extras]
dev = ["Sphinx (==7.2.5)", "colorama (==0.4.5)", "colorama (==0.4.6)", "exceptiongroup (==1.1.3)", "freezegun (==1.1.0)", "freezegun (==1.2.2)", "mypy (==v0.910)", "mypy (==v0.971)", "mypy (==v1.4.1)", "mypy (==v1.5.1)", "pre-commit (==3.4.0)", "pytest (==6.1.2)", "pytest (==7.4.0)", "pytest-cov (==2.12.1)", "pytest-cov (==4.1.0)", "pytest-mypy-plugins (==1.9.3)", "pytest-mypy-plugins (==3.0.0)", "sphinx-autobuild (==2021.3.14)", "sphinx-rtd-theme (==1.3.0)", "tox (==3.27.1)", "tox (==4.11.0)"]

[[package]]
name = "packaging"
version = "23.2"
description = "Core utilities for Python packages"
optional = false
python-versions = ">=3.7"
files = [
    {file = "packaging-23.2-py3-none-any.whl", hash = "sha256:8c491190033a9af7e1d931d0b5dacc2ef47509b34dd0de67ed209b5203fc88c7"},
    {file = "packaging-23.2.tar.gz", hash = "sha256:048fb0e9405036518eaaf48a55953c750c11e1a1b68e0dd1a9d62ed0c092cfc5"},
]

[[package]]
name = "pluggy"
version = "1.3.0"
description = "plugin and hook calling mechanisms for python"
optional = false
python-versions = ">=3.8"
files = [
    {file = "pluggy-1.3.0-py3-none-any.whl", hash = "sha256:d89c696a773f8bd377d18e5ecda92b7a3793cbe66c87060a6fb58c7b6e1061f7"},
    {file = "pluggy-1.3.0.tar.gz", hash = "sha256:cf61ae8f126ac6f7c451172cf30e3e43d3ca77615509771b3a984a0730651e12"},
]

[package.extras]
dev = ["pre-commit", "tox"]
testing = ["pytest", "pytest-benchmark"]

[[package]]
name = "pycryptodome"
version = "3.19.0"
description = "Cryptographic library for Python"
optional = false
python-versions = ">=2.7, !=3.0.*, !=3.1.*, !=3.2.*, !=3.3.*, !=3.4.*"
files = [
    {file = "pycryptodome-3.19.0-cp27-cp27m-macosx_10_9_x86_64.whl", hash = "sha256:3006c44c4946583b6de24fe0632091c2653d6256b99a02a3db71ca06472ea1e4"},
    {file = "pycryptodome-3.19.0-cp27-cp27m-manylinux2010_i686.whl", hash = "sha256:7c760c8a0479a4042111a8dd2f067d3ae4573da286c53f13cf6f5c53a5c1f631"},
    {file = "pycryptodome-3.19.0-cp27-cp27m-manylinux2010_x86_64.whl", hash = "sha256:08ce3558af5106c632baf6d331d261f02367a6bc3733086ae43c0f988fe042db"},
    {file = "pycryptodome-3.19.0-cp27-cp27m-manylinux_2_17_aarch64.manylinux2014_aarch64.whl", hash = "sha256:45430dfaf1f421cf462c0dd824984378bef32b22669f2635cb809357dbaab405"},
    {file = "pycryptodome-3.19.0-cp27-cp27m-musllinux_1_1_aarch64.whl", hash = "sha256:a9bcd5f3794879e91970f2bbd7d899780541d3ff439d8f2112441769c9f2ccea"},
    {file = "pycryptodome-3.19.0-cp27-cp27m-win32.whl", hash = "sha256:190c53f51e988dceb60472baddce3f289fa52b0ec38fbe5fd20dd1d0f795c551"},
    {file = "pycryptodome-3.19.0-cp27-cp27m-win_amd64.whl", hash = "sha256:22e0ae7c3a7f87dcdcf302db06ab76f20e83f09a6993c160b248d58274473bfa"},
    {file = "pycryptodome-3.19.0-cp27-cp27mu-manylinux2010_i686.whl", hash = "sha256:7822f36d683f9ad7bc2145b2c2045014afdbbd1d9922a6d4ce1cbd6add79a01e"},
    {file = "pycryptodome-3.19.0-cp27-cp27mu-manylinux2010_x86_64.whl", hash = "sha256:05e33267394aad6db6595c0ce9d427fe21552f5425e116a925455e099fdf759a"},
    {file = "pycryptodome-3.19.0-cp27-cp27mu-manylinux_2_17_aarch64.manylinux2014_aarch64.whl", hash = "sha256:829b813b8ee00d9c8aba417621b94bc0b5efd18c928923802ad5ba4cf1ec709c"},
    {file = "pycryptodome-3.19.0-cp27-cp27mu-musllinux_1_1_aarch64.whl", hash = "sha256:fc7a79590e2b5d08530175823a242de6790abc73638cc6dc9d2684e7be2f5e49"},
    {file = "pycryptodome-3.19.0-cp35-abi3-macosx_10_9_universal2.whl", hash = "sha256:542f99d5026ac5f0ef391ba0602f3d11beef8e65aae135fa5b762f5ebd9d3bfb"},
    {file = "pycryptodome-3.19.0-cp35-abi3-macosx_10_9_x86_64.whl", hash = "sha256:61bb3ccbf4bf32ad9af32da8badc24e888ae5231c617947e0f5401077f8b091f"},
    {file = "pycryptodome-3.19.0-cp35-abi3-manylinux_2_17_aarch64.manylinux2014_aarch64.whl", hash = "sha256:d49a6c715d8cceffedabb6adb7e0cbf41ae1a2ff4adaeec9432074a80627dea1"},
    {file = "pycryptodome-3.19.0-cp35-abi3-manylinux_2_17_x86_64.manylinux2014_x86_64.whl", hash = "sha256:e249a784cc98a29c77cea9df54284a44b40cafbfae57636dd2f8775b48af2434"},
    {file = "pycryptodome-3.19.0-cp35-abi3-manylinux_2_5_i686.manylinux1_i686.manylinux_2_17_i686.manylinux2014_i686.whl", hash = "sha256:d033947e7fd3e2ba9a031cb2d267251620964705a013c5a461fa5233cc025270"},
    {file = "pycryptodome-3.19.0-cp35-abi3-musllinux_1_1_aarch64.whl", hash = "sha256:84c3e4fffad0c4988aef0d5591be3cad4e10aa7db264c65fadbc633318d20bde"},
    {file = "pycryptodome-3.19.0-cp35-abi3-musllinux_1_1_i686.whl", hash = "sha256:139ae2c6161b9dd5d829c9645d781509a810ef50ea8b657e2257c25ca20efe33"},
    {file = "pycryptodome-3.19.0-cp35-abi3-musllinux_1_1_x86_64.whl", hash = "sha256:5b1986c761258a5b4332a7f94a83f631c1ffca8747d75ab8395bf2e1b93283d9"},
    {file = "pycryptodome-3.19.0-cp35-abi3-win32.whl", hash = "sha256:536f676963662603f1f2e6ab01080c54d8cd20f34ec333dcb195306fa7826997"},
    {file = "pycryptodome-3.19.0-cp35-abi3-win_amd64.whl", hash = "sha256:04dd31d3b33a6b22ac4d432b3274588917dcf850cc0c51c84eca1d8ed6933810"},
    {file = "pycryptodome-3.19.0-pp27-pypy_73-manylinux2010_x86_64.whl", hash = "sha256:8999316e57abcbd8085c91bc0ef75292c8618f41ca6d2b6132250a863a77d1e7"},
    {file = "pycryptodome-3.19.0-pp27-pypy_73-win32.whl", hash = "sha256:a0ab84755f4539db086db9ba9e9f3868d2e3610a3948cbd2a55e332ad83b01b0"},
    {file = "pycryptodome-3.19.0-pp310-pypy310_pp73-macosx_10_9_x86_64.whl", hash = "sha256:0101f647d11a1aae5a8ce4f5fad6644ae1b22bb65d05accc7d322943c69a74a6"},
    {file = "pycryptodome-3.19.0-pp310-pypy310_pp73-manylinux_2_17_x86_64.manylinux2014_x86_64.whl", hash = "sha256:8c1601e04d32087591d78e0b81e1e520e57a92796089864b20e5f18c9564b3fa"},
    {file = "pycryptodome-3.19.0-pp310-pypy310_pp73-manylinux_2_5_i686.manylinux1_i686.manylinux_2_17_i686.manylinux2014_i686.whl", hash = "sha256:506c686a1eee6c00df70010be3b8e9e78f406af4f21b23162bbb6e9bdf5427bc"},
    {file = "pycryptodome-3.19.0-pp310-pypy310_pp73-win_amd64.whl", hash = "sha256:7919ccd096584b911f2a303c593280869ce1af9bf5d36214511f5e5a1bed8c34"},
    {file = "pycryptodome-3.19.0-pp39-pypy39_pp73-macosx_10_9_x86_64.whl", hash = "sha256:560591c0777f74a5da86718f70dfc8d781734cf559773b64072bbdda44b3fc3e"},
    {file = "pycryptodome-3.19.0-pp39-pypy39_pp73-manylinux_2_17_x86_64.manylinux2014_x86_64.whl", hash = "sha256:c1cc2f2ae451a676def1a73c1ae9120cd31af25db3f381893d45f75e77be2400"},
    {file = "pycryptodome-3.19.0-pp39-pypy39_pp73-manylinux_2_5_i686.manylinux1_i686.manylinux_2_17_i686.manylinux2014_i686.whl", hash = "sha256:17940dcf274fcae4a54ec6117a9ecfe52907ed5e2e438fe712fe7ca502672ed5"},
    {file = "pycryptodome-3.19.0-pp39-pypy39_pp73-win_amd64.whl", hash = "sha256:d04f5f623a280fbd0ab1c1d8ecbd753193ab7154f09b6161b0f857a1a676c15f"},
    {file = "pycryptodome-3.19.0.tar.gz", hash = "sha256:bc35d463222cdb4dbebd35e0784155c81e161b9284e567e7e933d722e533331e"},
]

[[package]]
name = "pyliblzfse"
version = "0.4.1"
description = "Python bindings for the LZFSE reference implementation"
optional = true
python-versions = "*"
files = [
    {file = "pyliblzfse-0.4.1-cp36-cp36m-macosx_10_6_intel.whl", hash = "sha256:69439a557a2979f18b816f7ccfcfdd2dc2021612811213ab569d0b35f1a04c22"},
    {file = "pyliblzfse-0.4.1-cp36-cp36m-win32.whl", hash = "sha256:9b18209a8a8450ca5c01e18686b4df1796f9711cc8069897b3c8876e4cecb3ca"},
    {file = "pyliblzfse-0.4.1-cp36-cp36m-win_amd64.whl", hash = "sha256:3c11008725ea6ca272c55950fee0a7424909bb4e8f07594651e3e46ba8075b59"},
    {file = "pyliblzfse-0.4.1-cp37-cp37m-macosx_10_9_x86_64.whl", hash = "sha256:de694b03164288fba37701aaecbdfd7cc6356cf3155e5bf69a44d4f73c8903ba"},
    {file = "pyliblzfse-0.4.1-cp37-cp37m-win32.whl", hash = "sha256:b42e8dc723c83833c5708044a3490c216aaf2a63c6509739e3ec628fa75b8e6a"},
    {file = "pyliblzfse-0.4.1-cp37-cp37m-win_amd64.whl", hash = "sha256:df61b02ef4bfdddf40ad4aa153df4afaf06b4e8a4f174231f6252cce7656c315"},
    {file = "pyliblzfse-0.4.1-cp38-cp38-macosx_10_9_x86_64.whl", hash = "sha256:fd59ba6e1261b8e81a84008b2207a1019695c42d6c7e66e0abd96970e2b4fa55"},
    {file = "pyliblzfse-0.4.1-cp38-cp38-win32.whl", hash = "sha256:269e8d568b8c35ae145e4b938308c17938df90201be04514efc9ea3fb4a9cdc9"},
    {file = "pyliblzfse-0.4.1-cp38-cp38-win_amd64.whl", hash = "sha256:0c2d164869d01253569f1a9f835d27857d7bd209e3d225d8e3b2097aab2df4fe"},
    {file = "pyliblzfse-0.4.1-cp39-cp39-macosx_10_9_x86_64.whl", hash = "sha256:1b255da10393541c54d0b6d0c6a0c68691075736a5ac7c921add1c03c0488ffa"},
    {file = "pyliblzfse-0.4.1-cp39-cp39-win_amd64.whl", hash = "sha256:b661e91ad6f84c1fbaa07f8c7d1c493cd85fd839a7a6c2d0c0713574b7347eed"},
    {file = "pyliblzfse-0.4.1.tar.gz", hash = "sha256:bb0b899b3830c02fdf3dbde48ea59611833f366fef836e5c32cf8145134b7d3d"},
]

[[package]]
name = "pylzss"
version = "0.3.4"
description = "LZSS compression algorithm"
optional = true
python-versions = "*"
files = [
    {file = "pylzss-0.3.4-cp310-cp310-macosx_10_9_x86_64.whl", hash = "sha256:7f3845014698d931ffcc57e008c5440faf8b511900397d2afbce19d83bc22c76"},
    {file = "pylzss-0.3.4-cp310-cp310-manylinux_2_17_aarch64.manylinux2014_aarch64.whl", hash = "sha256:5f968b80cb599027641205d6ee65e9dd140bfc7bc28446010d1ddcf5bf291c34"},
    {file = "pylzss-0.3.4-cp310-cp310-manylinux_2_5_i686.manylinux1_i686.manylinux_2_17_i686.manylinux2014_i686.whl", hash = "sha256:0eb5180104d2a5e6de3e99f7123a94254ce75c37278387ada93fd35efc700b0d"},
    {file = "pylzss-0.3.4-cp310-cp310-manylinux_2_5_x86_64.manylinux1_x86_64.manylinux_2_17_x86_64.manylinux2014_x86_64.whl", hash = "sha256:a539d493e3a241c3869bedb4720085705916cbfbc5415ee0a412fce9aa803fa5"},
    {file = "pylzss-0.3.4-cp310-cp310-musllinux_1_1_aarch64.whl", hash = "sha256:5a1883b9a3f3de9fd648a76bb0f9ec3eaed167a9329470ea5266a8e6d8742164"},
    {file = "pylzss-0.3.4-cp310-cp310-musllinux_1_1_i686.whl", hash = "sha256:87e86306d751b4af91ff38a6a5edf59f55fc5df1f721a1e2e285be9424b9c26d"},
    {file = "pylzss-0.3.4-cp310-cp310-musllinux_1_1_x86_64.whl", hash = "sha256:963b777930b66a2b3cc03202ae739ff52a242ff21cf0cda9dc75e366b1003ddf"},
    {file = "pylzss-0.3.4-cp310-cp310-win32.whl", hash = "sha256:4d7c716a31e9c151212356b5e7e6827c300ba01c1d23bd020c0b43a0c4139025"},
    {file = "pylzss-0.3.4-cp310-cp310-win_amd64.whl", hash = "sha256:6d0aef7f410ec4970960d5a6dc95fcee20b496dede700060fb601ba1bb4f5b07"},
    {file = "pylzss-0.3.4-cp311-cp311-macosx_10_9_x86_64.whl", hash = "sha256:d11000aa879ceaf1f095f14f7c8e0819c5cc3eea1be66ce4032347d3eef09164"},
    {file = "pylzss-0.3.4-cp311-cp311-manylinux_2_17_aarch64.manylinux2014_aarch64.whl", hash = "sha256:437f83ae97e0a3f0315ca5443f8c07742938a0be7c2322589c4b385acef9eb40"},
    {file = "pylzss-0.3.4-cp311-cp311-manylinux_2_5_i686.manylinux1_i686.manylinux_2_17_i686.manylinux2014_i686.whl", hash = "sha256:361ae94b1237b174648a2e38ee6f58ff95cfd1e7cb35dc480f5c762e9d18b3c0"},
    {file = "pylzss-0.3.4-cp311-cp311-manylinux_2_5_x86_64.manylinux1_x86_64.manylinux_2_17_x86_64.manylinux2014_x86_64.whl", hash = "sha256:09fec1ee3f04fb8397f13dcb3cd3e6f8f492fa3d05ea5562b26604d2f58d4739"},
    {file = "pylzss-0.3.4-cp311-cp311-musllinux_1_1_aarch64.whl", hash = "sha256:7be222b24cd79846af22fe45f8178e8a0d5c820766d652a9785cdc192c27ca62"},
    {file = "pylzss-0.3.4-cp311-cp311-musllinux_1_1_i686.whl", hash = "sha256:cf45d4a5227128959c81856d1916ac26a34451a2ee9796ccb6192a82fe9ad1e8"},
    {file = "pylzss-0.3.4-cp311-cp311-musllinux_1_1_x86_64.whl", hash = "sha256:8a57d6b8a08ebc1ac531585b4293a4546b4c6862a28935fc4ce5f68a9fed7afc"},
    {file = "pylzss-0.3.4-cp311-cp311-win32.whl", hash = "sha256:b320a6448c9407a52c20106436819295dcf796cf52eace58f3d41d98e2e32b13"},
    {file = "pylzss-0.3.4-cp311-cp311-win_amd64.whl", hash = "sha256:287fafec2fed356e884092e64d1f1fdf0643d77b7626995bbfcb24e504578e22"},
    {file = "pylzss-0.3.4-cp312-cp312-macosx_10_9_x86_64.whl", hash = "sha256:8f62bf74f808646c219d5790513898b3facdcaec51bb3f5ca0f9f8ca716bdab8"},
    {file = "pylzss-0.3.4-cp312-cp312-manylinux_2_17_aarch64.manylinux2014_aarch64.whl", hash = "sha256:b30a74e524d7e54efe67fb28150e2fce1c9fce57de664c72b25a0ea31694e369"},
    {file = "pylzss-0.3.4-cp312-cp312-manylinux_2_5_i686.manylinux1_i686.manylinux_2_17_i686.manylinux2014_i686.whl", hash = "sha256:25fd33d6ff2ae4e17a5060f3b6ee474e7e2d052c9344e840806e86cc47dcd7eb"},
    {file = "pylzss-0.3.4-cp312-cp312-manylinux_2_5_x86_64.manylinux1_x86_64.manylinux_2_17_x86_64.manylinux2014_x86_64.whl", hash = "sha256:c59b4a3a8a52e5294526a058e4d308879915ffaa9da56e1b19b9fa78c5de47da"},
    {file = "pylzss-0.3.4-cp312-cp312-musllinux_1_1_aarch64.whl", hash = "sha256:54a3449a5fd5b81a0c908a9f30efec29e25796899900e012c8c126d5fe16857b"},
    {file = "pylzss-0.3.4-cp312-cp312-musllinux_1_1_i686.whl", hash = "sha256:d72350845d0b827ec495a844b1c439d3f5acc2f25fcc276fa149330cfb6bc48b"},
    {file = "pylzss-0.3.4-cp312-cp312-musllinux_1_1_x86_64.whl", hash = "sha256:6b18c8f88081b1f29bebf77027225ef043e31cfce797e2b6cee389e895628569"},
    {file = "pylzss-0.3.4-cp312-cp312-win32.whl", hash = "sha256:81adbc656e2143e89e23d5d3daa5452e8109c9621b3148b59d8e8fab59809197"},
    {file = "pylzss-0.3.4-cp312-cp312-win_amd64.whl", hash = "sha256:6c0f2a80e8028f8af015f2c6d1c637c888607b569c0b522e18d326a0c78236e2"},
    {file = "pylzss-0.3.4-cp36-cp36m-macosx_10_9_x86_64.whl", hash = "sha256:cb56c62b3f87e32e7f73d65a676267391e549110f495aa81623f8dcecf7f0c60"},
    {file = "pylzss-0.3.4-cp36-cp36m-manylinux_2_17_aarch64.manylinux2014_aarch64.whl", hash = "sha256:096d69d2274a933989493c6ec763a94d13bb333b24a4ae4aa3ef35756ef3a77c"},
    {file = "pylzss-0.3.4-cp36-cp36m-manylinux_2_5_i686.manylinux1_i686.manylinux_2_17_i686.manylinux2014_i686.whl", hash = "sha256:b6ec0e73fe1511b8ace511b7e8cf7fef30bc3193e8bed26ae02b81dc4013e503"},
    {file = "pylzss-0.3.4-cp36-cp36m-manylinux_2_5_x86_64.manylinux1_x86_64.manylinux_2_17_x86_64.manylinux2014_x86_64.whl", hash = "sha256:f9430bdf007e24c25d3e2e813156749bf595cc9a90d8602c348d288784a9adcc"},
    {file = "pylzss-0.3.4-cp36-cp36m-musllinux_1_1_aarch64.whl", hash = "sha256:0c12855aa61138f9e7e4ff1cc48f67824c69deca2c0c4fd383e1c149747afa67"},
    {file = "pylzss-0.3.4-cp36-cp36m-musllinux_1_1_i686.whl", hash = "sha256:ffd7cdb598a2a67b63c9433eab4293db24a8deb99188503b96de1599a1beed52"},
    {file = "pylzss-0.3.4-cp36-cp36m-musllinux_1_1_x86_64.whl", hash = "sha256:d16433109621818a914aee2b68174f3714b384925b88f79a201045b2034b2282"},
    {file = "pylzss-0.3.4-cp36-cp36m-win32.whl", hash = "sha256:69781e9f74e115135a3b33389983ad53e085cdb895a86fb96bc032f49e768f18"},
    {file = "pylzss-0.3.4-cp36-cp36m-win_amd64.whl", hash = "sha256:77b01eecff6c4fcca016bca6f1ddeba3957b5949a34f8db76a03cd876f268a59"},
    {file = "pylzss-0.3.4-cp37-cp37m-macosx_10_9_x86_64.whl", hash = "sha256:7dab73e482c163091510f7d37e3bfe160d4a8a9555328a04f8011068fa7e196a"},
    {file = "pylzss-0.3.4-cp37-cp37m-manylinux_2_17_aarch64.manylinux2014_aarch64.whl", hash = "sha256:e9a7606044765a210f7e9827f773b4211811ecb06da9f16a7ab0227cbccb13c7"},
    {file = "pylzss-0.3.4-cp37-cp37m-manylinux_2_5_i686.manylinux1_i686.manylinux_2_17_i686.manylinux2014_i686.whl", hash = "sha256:cee3d329e6baa98435dab6bc4608e2814cd4ab657c0a2d19f7b2ee4c970249dd"},
    {file = "pylzss-0.3.4-cp37-cp37m-manylinux_2_5_x86_64.manylinux1_x86_64.manylinux_2_17_x86_64.manylinux2014_x86_64.whl", hash = "sha256:18468bbc06ca83304a0ad36b2cf3dc3a46d1294d5d347dad2c7012a2a3102098"},
    {file = "pylzss-0.3.4-cp37-cp37m-musllinux_1_1_aarch64.whl", hash = "sha256:f178dbcc7d2bda3123982e979925ff84a84f7976ca8434763ce19c4bc8816ded"},
    {file = "pylzss-0.3.4-cp37-cp37m-musllinux_1_1_i686.whl", hash = "sha256:05fb8709573049b3be2fe6e4e08e91c9e2db842f3588912bc45af857e154bce1"},
    {file = "pylzss-0.3.4-cp37-cp37m-musllinux_1_1_x86_64.whl", hash = "sha256:ee99cad248bad24f7addcc14710a70199a415039cd0953301d3ae5e136bed2fc"},
    {file = "pylzss-0.3.4-cp37-cp37m-win32.whl", hash = "sha256:98bc81d8aa284c579e4f08ef38458c1407fd3cf25f0ebfedca51b5d4138a3f26"},
    {file = "pylzss-0.3.4-cp37-cp37m-win_amd64.whl", hash = "sha256:d9b2f20bca5c7ccbc09c9c4da39f876369cf8a057348318895bbdc3744edf38c"},
    {file = "pylzss-0.3.4-cp38-cp38-macosx_10_9_x86_64.whl", hash = "sha256:0721e088bf997d6bd101e51ad650aa670bea7bb94526ad6bafae46bd5698e0df"},
    {file = "pylzss-0.3.4-cp38-cp38-manylinux_2_17_aarch64.manylinux2014_aarch64.whl", hash = "sha256:753234988bb3a52f1d675b14816d049b9c219354fdaba938d917f86091b13280"},
    {file = "pylzss-0.3.4-cp38-cp38-manylinux_2_5_i686.manylinux1_i686.manylinux_2_17_i686.manylinux2014_i686.whl", hash = "sha256:def9017254968bfee02bf407ab8a1f2325553b99d75352202885a0a5dd26412d"},
    {file = "pylzss-0.3.4-cp38-cp38-manylinux_2_5_x86_64.manylinux1_x86_64.manylinux_2_17_x86_64.manylinux2014_x86_64.whl", hash = "sha256:a97efd632e2375c07dc3fe5bc497c362b18fef0c2daf22f2c58935dcd84343e8"},
    {file = "pylzss-0.3.4-cp38-cp38-musllinux_1_1_aarch64.whl", hash = "sha256:a866e09d209fd166100d5e4d55f594ffa7746e877c52c5c7d773b121832a222b"},
    {file = "pylzss-0.3.4-cp38-cp38-musllinux_1_1_i686.whl", hash = "sha256:1326aabc6fe1b3627b1b86a5f6fcf44e03bcaeaa8458e905f81250732780e6dd"},
    {file = "pylzss-0.3.4-cp38-cp38-musllinux_1_1_x86_64.whl", hash = "sha256:2cc5bef85b8f82af77dc2e3d75f009f31cd6d5e405b5f4135ab43166fdd09050"},
    {file = "pylzss-0.3.4-cp38-cp38-win32.whl", hash = "sha256:95da637efe8a13db6ee50eb1051042bdd7e8486cf11d7082e8bbddae2932d194"},
    {file = "pylzss-0.3.4-cp38-cp38-win_amd64.whl", hash = "sha256:ed687041590b06777f15b89e1215fc502c67d3eabf5c273b18f777ff94bcc67b"},
    {file = "pylzss-0.3.4-cp39-cp39-macosx_10_9_x86_64.whl", hash = "sha256:54dd4260e99b4e0d835f4a1becff4f6425502d78e9a8ab0c7cd71f2cc0c560d1"},
    {file = "pylzss-0.3.4-cp39-cp39-manylinux_2_17_aarch64.manylinux2014_aarch64.whl", hash = "sha256:302bd4023be5855d30976cc47a97b68e148087d98006088b9d21a8d1c9c8123e"},
    {file = "pylzss-0.3.4-cp39-cp39-manylinux_2_5_i686.manylinux1_i686.manylinux_2_17_i686.manylinux2014_i686.whl", hash = "sha256:8410dff0d4074d36891576eb7cb840167b39279c82530ee17a343deec4dd11ac"},
    {file = "pylzss-0.3.4-cp39-cp39-manylinux_2_5_x86_64.manylinux1_x86_64.manylinux_2_17_x86_64.manylinux2014_x86_64.whl", hash = "sha256:8d2c8918bb9740d0eb876bc25f600078b7f48dbb5335442946b4e1cec38e1be9"},
    {file = "pylzss-0.3.4-cp39-cp39-musllinux_1_1_aarch64.whl", hash = "sha256:13373f3bcdfc8baee5bcf27b58d1399b88f63abd5d314f26baaa8ab5c225691b"},
    {file = "pylzss-0.3.4-cp39-cp39-musllinux_1_1_i686.whl", hash = "sha256:043a4e2c286d2bc9deb46ab933deae5da5722a97f1f7a4f0367cfafe15343c1a"},
    {file = "pylzss-0.3.4-cp39-cp39-musllinux_1_1_x86_64.whl", hash = "sha256:4a54a0bcccb0b43967f412e88727bf99d0c676dc254681c8042fe50e1022e34d"},
    {file = "pylzss-0.3.4-cp39-cp39-win32.whl", hash = "sha256:124c5584e31f50653bb90bbf0a3ded43c37038910395f81b05b76844609f7e72"},
    {file = "pylzss-0.3.4-cp39-cp39-win_amd64.whl", hash = "sha256:22c01df06241535a74d1070f4c3cbf733d548ae7f5df5898106851bc51777399"},
    {file = "pylzss-0.3.4-pp310-pypy310_pp73-macosx_10_9_x86_64.whl", hash = "sha256:69edaf9f886b51e767ce29b263c6c53782322d2a9b58b402d69c049e66343a2a"},
    {file = "pylzss-0.3.4-pp310-pypy310_pp73-manylinux_2_17_aarch64.manylinux2014_aarch64.whl", hash = "sha256:36aefc3a2f892728aabe9cdd68dd5675534ae20669232b11fcd69d684826933b"},
    {file = "pylzss-0.3.4-pp310-pypy310_pp73-manylinux_2_5_i686.manylinux1_i686.manylinux_2_17_i686.manylinux2014_i686.whl", hash = "sha256:41b3fe5b46c4c57e9e41fa2d46607c09e7742b3e00fd5453a444f84bacd01968"},
    {file = "pylzss-0.3.4-pp310-pypy310_pp73-manylinux_2_5_x86_64.manylinux1_x86_64.manylinux_2_17_x86_64.manylinux2014_x86_64.whl", hash = "sha256:01c3851a0c99e75cf10bcdf1f1ff68f9cbb2135a8c48b7a31b04c436ac8c93e5"},
    {file = "pylzss-0.3.4-pp310-pypy310_pp73-win_amd64.whl", hash = "sha256:0b66c50ee11b0dfeb91d8518d9623d7e517ab014ba507ddba41fd4b187afdadb"},
    {file = "pylzss-0.3.4-pp37-pypy37_pp73-macosx_10_9_x86_64.whl", hash = "sha256:fb907775f88dc94c4c39d86c32092f09c70638c7dd032c21c00e6c9133ef800c"},
    {file = "pylzss-0.3.4-pp37-pypy37_pp73-manylinux_2_17_aarch64.manylinux2014_aarch64.whl", hash = "sha256:ca2da47bc10547078c04248ffb4d56e79f8db57af953abf9cd363079891ae783"},
    {file = "pylzss-0.3.4-pp37-pypy37_pp73-manylinux_2_5_i686.manylinux1_i686.manylinux_2_17_i686.manylinux2014_i686.whl", hash = "sha256:e05cdaae9f0f1048be2d3955cea222a32a84a3d025177a9712e97e0f8e5a2486"},
    {file = "pylzss-0.3.4-pp37-pypy37_pp73-manylinux_2_5_x86_64.manylinux1_x86_64.manylinux_2_17_x86_64.manylinux2014_x86_64.whl", hash = "sha256:9614191231e66a154c182948f132404b3dbf7731e419b6706ff32d48cc9f8c21"},
    {file = "pylzss-0.3.4-pp37-pypy37_pp73-win_amd64.whl", hash = "sha256:8ba113d8856609809da91b89d8e7bdd143dd98d66aaa0f5b681f207e0895e5ea"},
    {file = "pylzss-0.3.4-pp38-pypy38_pp73-macosx_10_9_x86_64.whl", hash = "sha256:6ffd3a9b8d5a023056cc8ef215468202764c510f2951c9f73fec2bebeecd62ce"},
    {file = "pylzss-0.3.4-pp38-pypy38_pp73-manylinux_2_17_aarch64.manylinux2014_aarch64.whl", hash = "sha256:8c590a89816364d519cbc71a772805d030ee85f53e97224e771667c3239cfab7"},
    {file = "pylzss-0.3.4-pp38-pypy38_pp73-manylinux_2_5_i686.manylinux1_i686.manylinux_2_17_i686.manylinux2014_i686.whl", hash = "sha256:d95880848db36cc1595b42042582fc06c143c44bcd03dc9cf3682832a1f0df98"},
    {file = "pylzss-0.3.4-pp38-pypy38_pp73-manylinux_2_5_x86_64.manylinux1_x86_64.manylinux_2_17_x86_64.manylinux2014_x86_64.whl", hash = "sha256:9fc2b19ef6e70afdb89f71a46453d3b27d617f18440d828da047e712d20c110f"},
    {file = "pylzss-0.3.4-pp38-pypy38_pp73-win_amd64.whl", hash = "sha256:d5aebcf865388c0e93305ace945935c90832b63e48ab19afe9b5cfced24a8ccf"},
    {file = "pylzss-0.3.4-pp39-pypy39_pp73-macosx_10_9_x86_64.whl", hash = "sha256:5065cec8771363c545940cc7b283627e9e4682adb68b15b70a4e2919028d528c"},
    {file = "pylzss-0.3.4-pp39-pypy39_pp73-manylinux_2_17_aarch64.manylinux2014_aarch64.whl", hash = "sha256:65c92fb136ac9062edb99cbd2dd8de818225db9c9b8da8aaecf16ca5ac4ea1d3"},
    {file = "pylzss-0.3.4-pp39-pypy39_pp73-manylinux_2_5_i686.manylinux1_i686.manylinux_2_17_i686.manylinux2014_i686.whl", hash = "sha256:b8aa4fdcfbca27e2cfdeeb9c827e8e496fe0d47406b0bdfb63cfba5250c4d8f4"},
    {file = "pylzss-0.3.4-pp39-pypy39_pp73-manylinux_2_5_x86_64.manylinux1_x86_64.manylinux_2_17_x86_64.manylinux2014_x86_64.whl", hash = "sha256:93303a673fa2512d3b78ee5e9a1469b78a92bbcdd8be5d03921f79d54839f308"},
    {file = "pylzss-0.3.4-pp39-pypy39_pp73-win_amd64.whl", hash = "sha256:a2c017c7dd0e48f04ddeaaed9624455371c679788849d3ee3e3d3d89af6539b9"},
    {file = "pylzss-0.3.4.tar.gz", hash = "sha256:16818631742488e53a34fda0d402d80edb2b812e11877801e21a9e5ce9b9db1c"},
]

[[package]]
name = "pytest"
version = "7.4.3"
description = "pytest: simple powerful testing with Python"
optional = false
python-versions = ">=3.7"
files = [
    {file = "pytest-7.4.3-py3-none-any.whl", hash = "sha256:0d009c083ea859a71b76adf7c1d502e4bc170b80a8ef002da5806527b9591fac"},
    {file = "pytest-7.4.3.tar.gz", hash = "sha256:d989d136982de4e3b29dabcc838ad581c64e8ed52c11fbe86ddebd9da0818cd5"},
]

[package.dependencies]
colorama = {version = "*", markers = "sys_platform == \"win32\""}
exceptiongroup = {version = ">=1.0.0rc8", markers = "python_version < \"3.11\""}
iniconfig = "*"
packaging = "*"
pluggy = ">=0.12,<2.0"
tomli = {version = ">=1.0.0", markers = "python_version < \"3.11\""}

[package.extras]
testing = ["argcomplete", "attrs (>=19.2.0)", "hypothesis (>=3.56)", "mock", "nose", "pygments (>=2.7.2)", "requests", "setuptools", "xmlschema"]

[[package]]
name = "remotezip"
version = "0.12.2"
description = "Access zip file content hosted remotely without downloading the full file."
optional = false
python-versions = "*"
files = [
    {file = "remotezip-0.12.2.tar.gz", hash = "sha256:211ecf7dd291e5339359b3422ca758a679f3d89624f7cff6039e90a6904efd96"},
]

[package.dependencies]
requests = "*"
tabulate = "*"

[package.extras]
test = ["requests_mock"]

[[package]]
name = "requests"
version = "2.31.0"
description = "Python HTTP for Humans."
optional = false
python-versions = ">=3.7"
files = [
    {file = "requests-2.31.0-py3-none-any.whl", hash = "sha256:58cd2187c01e70e6e26505bca751777aa9f2ee0b7f4300988b709f44e013003f"},
    {file = "requests-2.31.0.tar.gz", hash = "sha256:942c5a758f98d790eaed1a29cb6eefc7ffb0d1cf7af05c3d2791656dbd6ad1e1"},
]

[package.dependencies]
certifi = ">=2017.4.17"
charset-normalizer = ">=2,<4"
idna = ">=2.5,<4"
urllib3 = ">=1.21.1,<3"

[package.extras]
socks = ["PySocks (>=1.5.6,!=1.5.7)"]
use-chardet-on-py3 = ["chardet (>=3.0.2,<6)"]

[[package]]
name = "tabulate"
version = "0.9.0"
description = "Pretty-print tabular data"
optional = false
python-versions = ">=3.7"
files = [
    {file = "tabulate-0.9.0-py3-none-any.whl", hash = "sha256:024ca478df22e9340661486f85298cff5f6dcdba14f3813e8830015b9ed1948f"},
    {file = "tabulate-0.9.0.tar.gz", hash = "sha256:0095b12bf5966de529c0feb1fa08671671b3368eec77d7ef7ab114be2c068b3c"},
]

[package.extras]
widechars = ["wcwidth"]

[[package]]
name = "tomli"
version = "2.0.1"
description = "A lil' TOML parser"
optional = false
python-versions = ">=3.7"
files = [
    {file = "tomli-2.0.1-py3-none-any.whl", hash = "sha256:939de3e7a6161af0c887ef91b7d41a53e7c5a1ca976325f429cb46ea9bc30ecc"},
    {file = "tomli-2.0.1.tar.gz", hash = "sha256:de526c12914f0c550d15924c62d72abc48d6fe7364aa87328337a31007fe8a4f"},
]

[[package]]
name = "urllib3"
version = "2.1.0"
description = "HTTP library with thread-safe connection pooling, file post, and more."
optional = false
python-versions = ">=3.8"
files = [
    {file = "urllib3-2.1.0-py3-none-any.whl", hash = "sha256:55901e917a5896a349ff771be919f8bd99aff50b79fe58fec595eb37bbc56bb3"},
    {file = "urllib3-2.1.0.tar.gz", hash = "sha256:df7aa8afb0148fa78488e7899b2c59b5f4ffcfa82e6c54ccb9dd37c1d7b52d54"},
]

[package.extras]
brotli = ["brotli (>=1.0.9)", "brotlicffi (>=0.8.0)"]
socks = ["pysocks (>=1.5.6,!=1.5.7,<2.0)"]
zstd = ["zstandard (>=0.18.0)"]

[[package]]
name = "win32-setctime"
version = "1.1.0"
description = "A small Python utility to set file creation time on Windows"
optional = false
python-versions = ">=3.5"
files = [
    {file = "win32_setctime-1.1.0-py3-none-any.whl", hash = "sha256:231db239e959c2fe7eb1d7dc129f11172354f98361c4fa2d6d2d7e278baa8aad"},
    {file = "win32_setctime-1.1.0.tar.gz", hash = "sha256:15cf5750465118d6929ae4de4eb46e8edae9a5634350c01ba582df868e932cb2"},
]

[package.extras]
dev = ["black (>=19.3b0)", "pytest (>=4.6.2)"]

[extras]
compression = ["pyliblzfse", "pylzss"]

[metadata]
lock-version = "2.0"
python-versions = "^3.8"
content-hash = "3b6d1ccd1c330eb5eb961a24d427fe200df18fe2138af90493a0641051e2d997"
